// !$*UTF8*$!
{
	archiveVersion = 1;
	classes = {
	};
	objectVersion = 77;
	objects = {

/* Begin PBXBuildFile section */
		0503163CE9C079B9EC4E221B /* InTimeClockView.swift in Sources */ = {isa = PBXBuildFile; fileRef = "TEMP_9FCF8457-29D6-434F-A149-819A8D1DB296" /* InTimeClockView.swift */; };
		08C5B96289C1B58211665E68 /* ThemeEngine.swift in Sources */ = {isa = PBXBuildFile; fileRef = "TEMP_7D083AB3-5942-4A30-92F1-15EF3837612F" /* ThemeEngine.swift */; };
		1041E49875AF943A66F5B777 /* RouletteGameView.swift in Sources */ = {isa = PBXBuildFile; fileRef = "TEMP_92069C6B-2491-4089-8404-8DF58C9792AC" /* RouletteGameView.swift */; };
		11692FAB700A70CBD7920D1A /* BlackjackView.swift in Sources */ = {isa = PBXBuildFile; fileRef = "TEMP_536DE470-B326-4CC8-970B-B3E7C4D8C115" /* BlackjackView.swift */; };
		13AD12F9DAB18C1180C46401 /* Media.bundle in Resources */ = {isa = PBXBuildFile; fileRef = "TEMP_2FCA9DAF-4F61-47A1-95F4-C666F6181B9E" /* Media.bundle */; };
		168A98B77A04EE7656E7F882 /* YatzyScorecardView.swift in Sources */ = {isa = PBXBuildFile; fileRef = "TEMP_2D29C45D-B061-4A56-BDA8-FD55B8B29F61" /* YatzyScorecardView.swift */; };
		16A64D2047F7BF2A10446F6C /* ContentView.swift in Sources */ = {isa = PBXBuildFile; fileRef = "TEMP_C8B6B7BF-C7D2-4E75-849F-BB03FA1C8744" /* ContentView.swift */; };
		17C152D885F312562D15B544 /* DestinationHubs.swift in Sources */ = {isa = PBXBuildFile; fileRef = "TEMP_D5D63A3F-0BFD-4210-BBCB-53112BD7901B" /* DestinationHubs.swift */; };
		1B40245BCFC5F16CC241A579 /* YatzyLobbyView.swift in Sources */ = {isa = PBXBuildFile; fileRef = "TEMP_A58E0AB3-9E37-41C5-B990-06311DA6C176" /* YatzyLobbyView.swift */; };
		1BFD17377B87C5F0B4D81AE3 /* PrivacyInfo.xcprivacy in Resources */ = {isa = PBXBuildFile; fileRef = "TEMP_55718034-C6DD-4324-A165-48B5FCB2C435" /* PrivacyInfo.xcprivacy */; };
		1C6A22D01139DC3449C379E7 /* ZoneSystems.swift in Sources */ = {isa = PBXBuildFile; fileRef = "TEMP_BA41AA8E-42E0-4305-AD6D-81F38149D742" /* ZoneSystems.swift */; };
		1E9D1E85E9DA1890416E4C95 /* NightMarketView.swift in Sources */ = {isa = PBXBuildFile; fileRef = "TEMP_04098537-08CB-4761-8E52-B6E825ABE6B6" /* NightMarketView.swift */; };
		212DA5DBEA41539CDCFB1EB5 /* TimingGameView.swift in Sources */ = {isa = PBXBuildFile; fileRef = "TEMP_581D7668-44B7-40D2-B3FA-7F88B84CB0E5" /* TimingGameView.swift */; };
		22DD6B09E21F6CB6539D93E8 /* README.md in Resources */ = {isa = PBXBuildFile; fileRef = "TEMP_F1977C0D-105B-4FFE-B85F-4E4049631085" /* README.md */; };
		2432597CAA010102B629069F /* NewsManager.swift in Sources */ = {isa = PBXBuildFile; fileRef = "TEMP_16809E89-0095-48A2-A86E-AC5364FBA06E" /* NewsManager.swift */; };
		25913083FB8C1BCDDC3826F0 /* DeathView.swift in Sources */ = {isa = PBXBuildFile; fileRef = "TEMP_F1B9C74F-DCA7-4FDE-B87C-3BC220E890DD" /* DeathView.swift */; };
		25E0E2B2F78541FBB07CF75A /* ci.yml in Resources */ = {isa = PBXBuildFile; fileRef = E44913577EBF7F5E080E37C1 /* ci.yml */; };
		28E089AB32F5F62824863B23 /* PvPRaidView.swift in Sources */ = {isa = PBXBuildFile; fileRef = "TEMP_320ABAC3-8465-487E-AFCD-06D37DC8BC74" /* PvPRaidView.swift */; };
		2A766F7057792CA52CD11AFB /* CasinoHubView.swift in Sources */ = {isa = PBXBuildFile; fileRef = "TEMP_005AE7E8-023E-4CB6-8B0C-52DA47CDFD41" /* CasinoHubView.swift */; };
		323604D8AA86FDF91587C812 /* IncomeManager.swift in Sources */ = {isa = PBXBuildFile; fileRef = "TEMP_FB50240D-4420-4B15-99D2-BBEC7FDDD2ED" /* IncomeManager.swift */; };
		325655F62DC82EADA7D7DDE4 /* GazetteShareCard.swift in Sources */ = {isa = PBXBuildFile; fileRef = "TEMP_B3F8DDDD-C038-42CD-B17E-6E0E66C975BC" /* GazetteShareCard.swift */; };
		3387B82DCACEEE7A40A4D46C /* GameState.swift in Sources */ = {isa = PBXBuildFile; fileRef = "TEMP_B2226DB6-27BA-4C62-AD54-49B9F9917C9B" /* GameState.swift */; };
		392514CCD2244EBE0CB51E54 /* NotificationManager.swift in Sources */ = {isa = PBXBuildFile; fileRef = "TEMP_49688694-8381-4B30-BEEF-E75D14212097" /* NotificationManager.swift */; };
		3CC32F1F5A9FBF1D9EDBF1C4 /* ZoneOperationsView.swift in Sources */ = {isa = PBXBuildFile; fileRef = "TEMP_1D64125B-405E-4862-8D9D-0E75F1F022EF" /* ZoneOperationsView.swift */; };
		3E91AF50E00CA816FBB7115E /* DesignSystem.swift in Sources */ = {isa = PBXBuildFile; fileRef = "TEMP_6765D58A-A6FF-48B4-8084-1DF516899CFA" /* DesignSystem.swift */; };
		42C2F2B59FF1620FF127CD3C /* InflationManager.swift in Sources */ = {isa = PBXBuildFile; fileRef = "TEMP_7C83BAE1-76B9-4A91-872C-876F59A90335" /* InflationManager.swift */; };
		431460CE110586875AC847FF /* LifeToken.xcdatamodeld in Sources */ = {isa = PBXBuildFile; fileRef = "TEMP_0C83FBF4-536A-45B9-8B3F-B74515C55369" /* LifeToken.xcdatamodeld */; };
		457067D24C424B11183A545B /* MultiplayerYatzyView.swift in Sources */ = {isa = PBXBuildFile; fileRef = "TEMP_4F86C22B-8F35-4A30-BE16-E11238BD18DF" /* MultiplayerYatzyView.swift */; };
		489FC1EC05E2E9DD7481C7C9 /* BoardManager.swift in Sources */ = {isa = PBXBuildFile; fileRef = "TEMP_DC38B575-5A1C-4FDA-B05A-CC14BAB9A97C" /* BoardManager.swift */; };
		4CD6EC7DFCEB636193C18BD2 /* ZoneProfile.swift in Sources */ = {isa = PBXBuildFile; fileRef = "TEMP_A32AFF51-923F-4D91-89B9-C043C144BAA4" /* ZoneProfile.swift */; };
		54429345A4A17CCB74C191DE /* YatzyGameOverView.swift in Sources */ = {isa = PBXBuildFile; fileRef = "TEMP_41FDB3E4-66C8-439D-B768-1C3CD7B78F29" /* YatzyGameOverView.swift */; };
		59F6D093024AEC8C030EF814 /* Boostmanager.swift in Sources */ = {isa = PBXBuildFile; fileRef = "TEMP_CE366210-624C-404E-BC60-47BD5E460271" /* Boostmanager.swift */; };
		5B0373D3159468AAAFD61700 /* SharedTypes.swift in Sources */ = {isa = PBXBuildFile; fileRef = "TEMP_ACDBCB33-0283-4F1B-ABBE-3A941D0A5C95" /* SharedTypes.swift */; };
		5E230D1666A24B80E8510E00 /* ZoneUpgradeFlash.swift in Sources */ = {isa = PBXBuildFile; fileRef = "TEMP_EDF1D337-F153-40FC-A42F-F4D7C04ED881" /* ZoneUpgradeFlash.swift */; };
		6416C875F53670CE100B500A /* Intro.swift in Sources */ = {isa = PBXBuildFile; fileRef = "TEMP_A25204F3-E45C-4140-93E1-43569665DCA4" /* Intro.swift */; };
		6577CE5FA073C2DCA6A6A6D6 /* AUDIT_REPORT.md in Resources */ = {isa = PBXBuildFile; fileRef = "TEMP_843595CC-F897-42ED-B3FD-89B4B8DE190A" /* AUDIT_REPORT.md */; };
		667A644A95D9754985A7987B /* StepBetResultCard.swift in Sources */ = {isa = PBXBuildFile; fileRef = "TEMP_41E62874-8A63-48DC-AFFD-6FD79B26281C" /* StepBetResultCard.swift */; };
		66DE4411D690F8EABB0EEE3E /* Roulette.swift in Sources */ = {isa = PBXBuildFile; fileRef = "TEMP_B10BAEE5-C50E-415D-801B-EB1526DADEAC" /* Roulette.swift */; };
		67A5735EFE632B0048D12B7B /* EventEngine.swift in Sources */ = {isa = PBXBuildFile; fileRef = "TEMP_2394BB45-7572-43C6-B9B0-1E3BD3C2CC26" /* EventEngine.swift */; };
		6DF9D26D47FA0EE6C99B9C75 /* TimeEngine.swift in Sources */ = {isa = PBXBuildFile; fileRef = "TEMP_283E6997-456A-4626-A4AF-CC4C5F948B11" /* TimeEngine.swift */; };
		8225F00CE434473478314A18 /* WorkView.swift in Sources */ = {isa = PBXBuildFile; fileRef = "TEMP_A1AE64AB-115E-4EFD-AF7C-AE092C84F72A" /* WorkView.swift */; };
		823246974711688E5005D038 /* LeaderboardView.swift in Sources */ = {isa = PBXBuildFile; fileRef = "TEMP_699C9068-2DB1-4D6E-9C29-F726ED5056EB" /* LeaderboardView.swift */; };
		883F30653259A29F23E9CE9F /* InvestmentView.swift in Sources */ = {isa = PBXBuildFile; fileRef = "TEMP_CDFF3C53-4F0B-4102-A39F-61B1AF4A6803" /* InvestmentView.swift */; };
		8A4EADB04836DC4154D02750 /* TimeMarketView.swift in Sources */ = {isa = PBXBuildFile; fileRef = "TEMP_ABEEB398-0328-4467-ABEB-B4103F08F952" /* TimeMarketView.swift */; };
		8B93CF5A1E2769A1FAB573B9 /* BankView.swift in Sources */ = {isa = PBXBuildFile; fileRef = "TEMP_83B12B22-AF92-4E6C-A9D5-82D16C26D9EE" /* BankView.swift */; };
		92720EE1553567183F8BE6F0 /* CryoSleepOverlay.swift in Sources */ = {isa = PBXBuildFile; fileRef = "TEMP_9A94B2C2-0AF1-4B16-8349-41D6ECCA748A" /* CryoSleepOverlay.swift */; };
		92C1E26AD3BE568B858F4F0A /* FactionView.swift in Sources */ = {isa = PBXBuildFile; fileRef = "TEMP_BD468750-91C1-495E-9781-7491EE8DA625" /* FactionView.swift */; };
		975A5A7497B1EE28979899BD /* YatzyPlayerView.swift in Sources */ = {isa = PBXBuildFile; fileRef = "TEMP_78E30979-F827-4B9C-A798-0825D2B2FE86" /* YatzyPlayerView.swift */; };
		9990C8FBB9064338641ABD91 /* ServerSync.swift in Sources */ = {isa = PBXBuildFile; fileRef = "TEMP_B87E90A2-4CEA-44C9-9019-291A01639C68" /* ServerSync.swift */; };
		9CC47A2B688983C56BEAFE3C /* HealthKitmanager.swift in Sources */ = {isa = PBXBuildFile; fileRef = "TEMP_AC05C9FC-676D-47CF-8818-3A3E21436F34" /* HealthKitmanager.swift */; };
		A6F7DF32EC5807A1750C6AB1 /* AdminPanelView.swift in Sources */ = {isa = PBXBuildFile; fileRef = "TEMP_F1E11C3E-5ACC-45B9-B1F6-D535940FA1E4" /* AdminPanelView.swift */; };
		AA78FBDD4DC0876336867856 /* PokerEngine.swift in Sources */ = {isa = PBXBuildFile; fileRef = "TEMP_92A8B363-95D0-4B60-B66A-BD1500F83CAA" /* PokerEngine.swift */; };
		B130653213450E29F796A9A0 /* YatzyAILogic.swift in Sources */ = {isa = PBXBuildFile; fileRef = "TEMP_A1F87D37-3C7D-4846-AB2A-2D73165AB9AE" /* YatzyAILogic.swift */; };
		B18D08A804C2D4DE8EB62C13 /* WorldHomeView.swift in Sources */ = {isa = PBXBuildFile; fileRef = "TEMP_5B837FE2-E5E1-4830-A198-4D661CC87FA0" /* WorldHomeView.swift */; };
		B36703D26D0064C95853A30F /* FactionManager.swift in Sources */ = {isa = PBXBuildFile; fileRef = "TEMP_EEB56449-7A66-48C5-9676-EAF18110628B" /* FactionManager.swift */; };
		B40E417BC799EA52462D228B /* CrashView.swift in Sources */ = {isa = PBXBuildFile; fileRef = "TEMP_77B81C6F-45CC-4614-9F53-ACA3A4020ADD" /* CrashView.swift */; };
		B57F4AACD838B56F9855294B /* YatzyGameplayView.swift in Sources */ = {isa = PBXBuildFile; fileRef = "TEMP_580F5E8F-7D0E-428C-AD63-7F43529FDBA3" /* YatzyGameplayView.swift */; };
		B5D8A558898FA970EAC85DE2 /* PokerView.swift in Sources */ = {isa = PBXBuildFile; fileRef = "TEMP_8EA02ACC-2292-4999-BFAA-BFFE365A3A93" /* PokerView.swift */; };
		BCAFC0C96A4A4D89AA55DE34 /* BombDefuseView.swift in Sources */ = {isa = PBXBuildFile; fileRef = "TEMP_875CDBB6-0048-4567-8705-8FAA7E42DE48" /* BombDefuseView.swift */; };
		BCF478043CF7BB8BE2C933CF /* OnboardingEngine.swift in Sources */ = {isa = PBXBuildFile; fileRef = "TEMP_D1B9827F-1C52-4340-B48B-B561F5BE54FE" /* OnboardingEngine.swift */; };
		C236965FA7A60432A4F62424 /* AdaptiveEngine.swift in Sources */ = {isa = PBXBuildFile; fileRef = "TEMP_82F488F7-6B07-4EDC-A62C-E63650FE9AF4" /* AdaptiveEngine.swift */; };
		C81568B1E8A133F514393625 /* SocialView.swift in Sources */ = {isa = PBXBuildFile; fileRef = "TEMP_055F0C46-E49B-49E9-A558-9EE6423D897D" /* SocialView.swift */; };
		C9E96AA0CDAF46E7C61AE39F /* PipeGameView.swift in Sources */ = {isa = PBXBuildFile; fileRef = "TEMP_7C456131-3345-4174-BC65-0CD8C5238102" /* PipeGameView.swift */; };
		CB25B70C7E58C3C14416BA96 /* BehaviorTracker.swift in Sources */ = {isa = PBXBuildFile; fileRef = "TEMP_07CCCA92-C6E5-4CBF-A1A3-04FE9F342FD6" /* BehaviorTracker.swift */; };
		CEF24CD1C6D66D60C0607DCE /* MiniJobsView.swift in Sources */ = {isa = PBXBuildFile; fileRef = "TEMP_C43E2EA9-D5DF-4CAA-9EBA-AB3AFABDD0F2" /* MiniJobsView.swift */; };
		D3C58F0A9E3FB8B64AD53F40 /* WorkComponents.swift in Sources */ = {isa = PBXBuildFile; fileRef = "TEMP_520083A9-27F6-4BC5-8429-1877C3EE130E" /* WorkComponents.swift */; };
		D526C1D1429549E428336887 /* NPCMemory.swift in Sources */ = {isa = PBXBuildFile; fileRef = "TEMP_F860FECD-580C-4630-B70D-73DE5ECB7A31" /* NPCMemory.swift */; };
		D6C264B657A8ACFE8C7CF0DA /* ZoneVisual.swift in Sources */ = {isa = PBXBuildFile; fileRef = "TEMP_1F89B750-2DD4-4322-A5F7-C78A2ECF4DCF" /* ZoneVisual.swift */; };
		D8D89413B646D8A7993875E0 /* ZoneLoreView.swift in Sources */ = {isa = PBXBuildFile; fileRef = "TEMP_3DED896B-5B34-454C-8354-6E6BCF9D1332" /* ZoneLoreView.swift */; };
		DBB2361A37373228C874760F /* ZoneLore.swift in Sources */ = {isa = PBXBuildFile; fileRef = "TEMP_7BBFDA7F-BDB6-4B56-8970-140C42E4DB9D" /* ZoneLore.swift */; };
		DD47FA1EF37B780B2F3BA637 /* LifeTokenApp.swift in Sources */ = {isa = PBXBuildFile; fileRef = "TEMP_7BB5D2ED-E854-4626-B059-96A8B06BE311" /* LifeTokenApp.swift */; };
		DF97CFEE2794D90B412ACCAC /* YatzyView.swift in Sources */ = {isa = PBXBuildFile; fileRef = "TEMP_61D660FD-4B16-42EB-9C4C-11D6DA4AEB54" /* YatzyView.swift */; };
		DFD37ECF6CE54A7FBF365EF1 /* LotteryView.swift in Sources */ = {isa = PBXBuildFile; fileRef = "TEMP_A602D340-65AF-4F98-BFD8-0E5C5B319D5A" /* LotteryView.swift */; };
		E07CA6F02CF6C8B4B4F27FCF /* CodeBreakerView.swift in Sources */ = {isa = PBXBuildFile; fileRef = "TEMP_F287EA43-1996-43B6-82FE-0A13F8283E43" /* CodeBreakerView.swift */; };
		E180CC183B712BE54C27C703 /* GazetteView.swift in Sources */ = {isa = PBXBuildFile; fileRef = "TEMP_FEB55126-18A6-4A99-9BF9-FE4BD1746A3B" /* GazetteView.swift */; };
		E339C0C1376F8F3E0FC3606F /* YatzyGameEngine.swift in Sources */ = {isa = PBXBuildFile; fileRef = "TEMP_A00F02D4-2859-4E55-A0D9-99276472574F" /* YatzyGameEngine.swift */; };
		E4C154B34FE297503E058D04 /* ZoneManager.swift in Sources */ = {isa = PBXBuildFile; fileRef = "TEMP_EA160E4C-BB09-46C3-9056-07691951690F" /* ZoneManager.swift */; };
		E85BEE1A9A88AA325CA35D49 /* Assets.xcassets in Resources */ = {isa = PBXBuildFile; fileRef = "TEMP_DE3B3ABD-2164-42DC-8C23-0F9C84501AB0" /* Assets.xcassets */; };
		F0A98BFF17FE9A4CFB2BFEAE /* Persistence.swift in Sources */ = {isa = PBXBuildFile; fileRef = "TEMP_9532267A-3F58-4162-BA66-EC4F2A91C91B" /* Persistence.swift */; };
		F2742263CF74FD1E24324BB6 /* AccountSettingsView.swift in Sources */ = {isa = PBXBuildFile; fileRef = "TEMP_F24C4BE0-3E0D-46EA-B8C4-137EFDD658C1" /* AccountSettingsView.swift */; };
		F9CF5431A44E315AC52F3787 /* StepBetView.swift in Sources */ = {isa = PBXBuildFile; fileRef = "TEMP_211554BF-7BD1-4965-A2E9-95C4120E1BAC" /* StepBetView.swift */; };
		F9EFE9A7963FC50C49F7E16C /* MissionsView.swift in Sources */ = {isa = PBXBuildFile; fileRef = "TEMP_0665B284-C5AA-4AF2-8141-E6D259DD1EF6" /* MissionsView.swift */; };
		FC42E4BB11358152B50322A4 /* SortingGameView.swift in Sources */ = {isa = PBXBuildFile; fileRef = "TEMP_5BC59914-0BF0-4EA3-8896-C2324F2CF2F4" /* SortingGameView.swift */; };
		FC88ABF35FB63F5EA797D19F /* SocialTransferViews.swift in Sources */ = {isa = PBXBuildFile; fileRef = "TEMP_8B676A0C-43C0-46DF-B0A2-225883F8305A" /* SocialTransferViews.swift */; };
		FCA53AC6C081088410B88EFD /* CasinoParticleView.swift in Sources */ = {isa = PBXBuildFile; fileRef = "TEMP_74C2865E-3C46-4977-8F9C-6E7A3E4A692A" /* CasinoParticleView.swift */; };
/* End PBXBuildFile section */

/* Begin PBXFileReference section */
		E44913577EBF7F5E080E37C1 /* ci.yml */ = {isa = PBXFileReference; lastKnownFileType = text.yaml; path = ci.yml; sourceTree = "<group>"; };
		E8C9DED541B2CCB44CDD620F /* LifeToken.app */ = {isa = PBXFileReference; includeInIndex = 0; lastKnownFileType = wrapper.application; path = LifeToken.app; sourceTree = BUILT_PRODUCTS_DIR; };
		"TEMP_005AE7E8-023E-4CB6-8B0C-52DA47CDFD41" /* CasinoHubView.swift */ = {isa = PBXFileReference; lastKnownFileType = sourcecode.swift; path = CasinoHubView.swift; sourceTree = "<group>"; };
		"TEMP_04098537-08CB-4761-8E52-B6E825ABE6B6" /* NightMarketView.swift */ = {isa = PBXFileReference; lastKnownFileType = sourcecode.swift; path = NightMarketView.swift; sourceTree = "<group>"; };
		"TEMP_055F0C46-E49B-49E9-A558-9EE6423D897D" /* SocialView.swift */ = {isa = PBXFileReference; lastKnownFileType = sourcecode.swift; path = SocialView.swift; sourceTree = "<group>"; };
		"TEMP_0665B284-C5AA-4AF2-8141-E6D259DD1EF6" /* MissionsView.swift */ = {isa = PBXFileReference; lastKnownFileType = sourcecode.swift; path = MissionsView.swift; sourceTree = "<group>"; };
		"TEMP_07CCCA92-C6E5-4CBF-A1A3-04FE9F342FD6" /* BehaviorTracker.swift */ = {isa = PBXFileReference; lastKnownFileType = sourcecode.swift; path = BehaviorTracker.swift; sourceTree = "<group>"; };
		"TEMP_13CEF7B6-00D0-4597-9E00-6F0A91B0AF9E" /* LifeToken.entitlements */ = {isa = PBXFileReference; lastKnownFileType = text.plist.entitlements; path = LifeToken.entitlements; sourceTree = "<group>"; };
		"TEMP_16809E89-0095-48A2-A86E-AC5364FBA06E" /* NewsManager.swift */ = {isa = PBXFileReference; lastKnownFileType = sourcecode.swift; path = NewsManager.swift; sourceTree = "<group>"; };
		"TEMP_1D64125B-405E-4862-8D9D-0E75F1F022EF" /* ZoneOperationsView.swift */ = {isa = PBXFileReference; lastKnownFileType = sourcecode.swift; path = ZoneOperationsView.swift; sourceTree = "<group>"; };
		"TEMP_1F89B750-2DD4-4322-A5F7-C78A2ECF4DCF" /* ZoneVisual.swift */ = {isa = PBXFileReference; lastKnownFileType = sourcecode.swift; path = ZoneVisual.swift; sourceTree = "<group>"; };
		"TEMP_211554BF-7BD1-4965-A2E9-95C4120E1BAC" /* StepBetView.swift */ = {isa = PBXFileReference; lastKnownFileType = sourcecode.swift; path = StepBetView.swift; sourceTree = "<group>"; };
		"TEMP_2394BB45-7572-43C6-B9B0-1E3BD3C2CC26" /* EventEngine.swift */ = {isa = PBXFileReference; lastKnownFileType = sourcecode.swift; path = EventEngine.swift; sourceTree = "<group>"; };
		"TEMP_283E6997-456A-4626-A4AF-CC4C5F948B11" /* TimeEngine.swift */ = {isa = PBXFileReference; lastKnownFileType = sourcecode.swift; path = TimeEngine.swift; sourceTree = "<group>"; };
		"TEMP_2D29C45D-B061-4A56-BDA8-FD55B8B29F61" /* YatzyScorecardView.swift */ = {isa = PBXFileReference; lastKnownFileType = sourcecode.swift; path = YatzyScorecardView.swift; sourceTree = "<group>"; };
		"TEMP_2FCA9DAF-4F61-47A1-95F4-C666F6181B9E" /* Media.bundle */ = {isa = PBXFileReference; lastKnownFileType = wrapper.cfbundle; path = Media.bundle; sourceTree = "<group>"; };
		"TEMP_320ABAC3-8465-487E-AFCD-06D37DC8BC74" /* PvPRaidView.swift */ = {isa = PBXFileReference; lastKnownFileType = sourcecode.swift; path = PvPRaidView.swift; sourceTree = "<group>"; };
		"TEMP_3DED896B-5B34-454C-8354-6E6BCF9D1332" /* ZoneLoreView.swift */ = {isa = PBXFileReference; lastKnownFileType = sourcecode.swift; path = ZoneLoreView.swift; sourceTree = "<group>"; };
		"TEMP_41E62874-8A63-48DC-AFFD-6FD79B26281C" /* StepBetResultCard.swift */ = {isa = PBXFileReference; lastKnownFileType = sourcecode.swift; path = StepBetResultCard.swift; sourceTree = "<group>"; };
		"TEMP_41FDB3E4-66C8-439D-B768-1C3CD7B78F29" /* YatzyGameOverView.swift */ = {isa = PBXFileReference; lastKnownFileType = sourcecode.swift; path = YatzyGameOverView.swift; sourceTree = "<group>"; };
		"TEMP_49688694-8381-4B30-BEEF-E75D14212097" /* NotificationManager.swift */ = {isa = PBXFileReference; lastKnownFileType = sourcecode.swift; path = NotificationManager.swift; sourceTree = "<group>"; };
		"TEMP_4F86C22B-8F35-4A30-BE16-E11238BD18DF" /* MultiplayerYatzyView.swift */ = {isa = PBXFileReference; lastKnownFileType = sourcecode.swift; path = MultiplayerYatzyView.swift; sourceTree = "<group>"; };
		"TEMP_520083A9-27F6-4BC5-8429-1877C3EE130E" /* WorkComponents.swift */ = {isa = PBXFileReference; lastKnownFileType = sourcecode.swift; path = WorkComponents.swift; sourceTree = "<group>"; };
		"TEMP_536DE470-B326-4CC8-970B-B3E7C4D8C115" /* BlackjackView.swift */ = {isa = PBXFileReference; lastKnownFileType = sourcecode.swift; path = BlackjackView.swift; sourceTree = "<group>"; };
		"TEMP_55718034-C6DD-4324-A165-48B5FCB2C435" /* PrivacyInfo.xcprivacy */ = {isa = PBXFileReference; path = PrivacyInfo.xcprivacy; sourceTree = "<group>"; };
		"TEMP_580F5E8F-7D0E-428C-AD63-7F43529FDBA3" /* YatzyGameplayView.swift */ = {isa = PBXFileReference; lastKnownFileType = sourcecode.swift; path = YatzyGameplayView.swift; sourceTree = "<group>"; };
		"TEMP_581D7668-44B7-40D2-B3FA-7F88B84CB0E5" /* TimingGameView.swift */ = {isa = PBXFileReference; lastKnownFileType = sourcecode.swift; path = TimingGameView.swift; sourceTree = "<group>"; };
		"TEMP_5B837FE2-E5E1-4830-A198-4D661CC87FA0" /* WorldHomeView.swift */ = {isa = PBXFileReference; lastKnownFileType = sourcecode.swift; path = WorldHomeView.swift; sourceTree = "<group>"; };
		"TEMP_5BC59914-0BF0-4EA3-8896-C2324F2CF2F4" /* SortingGameView.swift */ = {isa = PBXFileReference; lastKnownFileType = sourcecode.swift; path = SortingGameView.swift; sourceTree = "<group>"; };
		"TEMP_61D660FD-4B16-42EB-9C4C-11D6DA4AEB54" /* YatzyView.swift */ = {isa = PBXFileReference; lastKnownFileType = sourcecode.swift; path = YatzyView.swift; sourceTree = "<group>"; };
		"TEMP_6765D58A-A6FF-48B4-8084-1DF516899CFA" /* DesignSystem.swift */ = {isa = PBXFileReference; lastKnownFileType = sourcecode.swift; path = DesignSystem.swift; sourceTree = "<group>"; };
		"TEMP_699C9068-2DB1-4D6E-9C29-F726ED5056EB" /* LeaderboardView.swift */ = {isa = PBXFileReference; lastKnownFileType = sourcecode.swift; path = LeaderboardView.swift; sourceTree = "<group>"; };
		"TEMP_74C2865E-3C46-4977-8F9C-6E7A3E4A692A" /* CasinoParticleView.swift */ = {isa = PBXFileReference; lastKnownFileType = sourcecode.swift; path = CasinoParticleView.swift; sourceTree = "<group>"; };
		"TEMP_77B81C6F-45CC-4614-9F53-ACA3A4020ADD" /* CrashView.swift */ = {isa = PBXFileReference; lastKnownFileType = sourcecode.swift; path = CrashView.swift; sourceTree = "<group>"; };
		"TEMP_78E30979-F827-4B9C-A798-0825D2B2FE86" /* YatzyPlayerView.swift */ = {isa = PBXFileReference; lastKnownFileType = sourcecode.swift; path = YatzyPlayerView.swift; sourceTree = "<group>"; };
		"TEMP_7BB5D2ED-E854-4626-B059-96A8B06BE311" /* LifeTokenApp.swift */ = {isa = PBXFileReference; lastKnownFileType = sourcecode.swift; path = LifeTokenApp.swift; sourceTree = "<group>"; };
		"TEMP_7BBFDA7F-BDB6-4B56-8970-140C42E4DB9D" /* ZoneLore.swift */ = {isa = PBXFileReference; lastKnownFileType = sourcecode.swift; path = ZoneLore.swift; sourceTree = "<group>"; };
		"TEMP_7C456131-3345-4174-BC65-0CD8C5238102" /* PipeGameView.swift */ = {isa = PBXFileReference; lastKnownFileType = sourcecode.swift; path = PipeGameView.swift; sourceTree = "<group>"; };
		"TEMP_7C83BAE1-76B9-4A91-872C-876F59A90335" /* InflationManager.swift */ = {isa = PBXFileReference; lastKnownFileType = sourcecode.swift; path = InflationManager.swift; sourceTree = "<group>"; };
		"TEMP_7D083AB3-5942-4A30-92F1-15EF3837612F" /* ThemeEngine.swift */ = {isa = PBXFileReference; lastKnownFileType = sourcecode.swift; path = ThemeEngine.swift; sourceTree = "<group>"; };
		"TEMP_82F488F7-6B07-4EDC-A62C-E63650FE9AF4" /* AdaptiveEngine.swift */ = {isa = PBXFileReference; lastKnownFileType = sourcecode.swift; path = AdaptiveEngine.swift; sourceTree = "<group>"; };
		"TEMP_83B12B22-AF92-4E6C-A9D5-82D16C26D9EE" /* BankView.swift */ = {isa = PBXFileReference; lastKnownFileType = sourcecode.swift; path = BankView.swift; sourceTree = "<group>"; };
		"TEMP_843595CC-F897-42ED-B3FD-89B4B8DE190A" /* AUDIT_REPORT.md */ = {isa = PBXFileReference; lastKnownFileType = net.daringfireball.markdown; path = AUDIT_REPORT.md; sourceTree = "<group>"; };
		"TEMP_875CDBB6-0048-4567-8705-8FAA7E42DE48" /* BombDefuseView.swift */ = {isa = PBXFileReference; lastKnownFileType = sourcecode.swift; path = BombDefuseView.swift; sourceTree = "<group>"; };
		"TEMP_8B676A0C-43C0-46DF-B0A2-225883F8305A" /* SocialTransferViews.swift */ = {isa = PBXFileReference; lastKnownFileType = sourcecode.swift; path = SocialTransferViews.swift; sourceTree = "<group>"; };
		"TEMP_8EA02ACC-2292-4999-BFAA-BFFE365A3A93" /* PokerView.swift */ = {isa = PBXFileReference; lastKnownFileType = sourcecode.swift; path = PokerView.swift; sourceTree = "<group>"; };
		"TEMP_91EAF6B3-7B6B-411E-9AA9-366D2BDD6279" /* Info.plist */ = {isa = PBXFileReference; lastKnownFileType = text.plist; path = Info.plist; sourceTree = "<group>"; };
		"TEMP_92069C6B-2491-4089-8404-8DF58C9792AC" /* RouletteGameView.swift */ = {isa = PBXFileReference; lastKnownFileType = sourcecode.swift; path = RouletteGameView.swift; sourceTree = "<group>"; };
		"TEMP_92A8B363-95D0-4B60-B66A-BD1500F83CAA" /* PokerEngine.swift */ = {isa = PBXFileReference; lastKnownFileType = sourcecode.swift; path = PokerEngine.swift; sourceTree = "<group>"; };
		"TEMP_9532267A-3F58-4162-BA66-EC4F2A91C91B" /* Persistence.swift */ = {isa = PBXFileReference; lastKnownFileType = sourcecode.swift; path = Persistence.swift; sourceTree = "<group>"; };
		"TEMP_9893907B-6289-4484-A429-A2818A495416" /* LifeToken.xcdatamodel */ = {isa = PBXFileReference; lastKnownFileType = wrapper.xcdatamodel; path = LifeToken.xcdatamodel; sourceTree = "<group>"; };
		"TEMP_9A94B2C2-0AF1-4B16-8349-41D6ECCA748A" /* CryoSleepOverlay.swift */ = {isa = PBXFileReference; lastKnownFileType = sourcecode.swift; path = CryoSleepOverlay.swift; sourceTree = "<group>"; };
		"TEMP_9FCF8457-29D6-434F-A149-819A8D1DB296" /* InTimeClockView.swift */ = {isa = PBXFileReference; lastKnownFileType = sourcecode.swift; path = InTimeClockView.swift; sourceTree = "<group>"; };
		"TEMP_A00F02D4-2859-4E55-A0D9-99276472574F" /* YatzyGameEngine.swift */ = {isa = PBXFileReference; lastKnownFileType = sourcecode.swift; path = YatzyGameEngine.swift; sourceTree = "<group>"; };
		"TEMP_A1AE64AB-115E-4EFD-AF7C-AE092C84F72A" /* WorkView.swift */ = {isa = PBXFileReference; lastKnownFileType = sourcecode.swift; path = WorkView.swift; sourceTree = "<group>"; };
		"TEMP_A1F87D37-3C7D-4846-AB2A-2D73165AB9AE" /* YatzyAILogic.swift */ = {isa = PBXFileReference; lastKnownFileType = sourcecode.swift; path = YatzyAILogic.swift; sourceTree = "<group>"; };
		"TEMP_A25204F3-E45C-4140-93E1-43569665DCA4" /* Intro.swift */ = {isa = PBXFileReference; lastKnownFileType = sourcecode.swift; path = Intro.swift; sourceTree = "<group>"; };
		"TEMP_A32AFF51-923F-4D91-89B9-C043C144BAA4" /* ZoneProfile.swift */ = {isa = PBXFileReference; lastKnownFileType = sourcecode.swift; path = ZoneProfile.swift; sourceTree = "<group>"; };
		"TEMP_A58E0AB3-9E37-41C5-B990-06311DA6C176" /* YatzyLobbyView.swift */ = {isa = PBXFileReference; lastKnownFileType = sourcecode.swift; path = YatzyLobbyView.swift; sourceTree = "<group>"; };
		"TEMP_A602D340-65AF-4F98-BFD8-0E5C5B319D5A" /* LotteryView.swift */ = {isa = PBXFileReference; lastKnownFileType = sourcecode.swift; path = LotteryView.swift; sourceTree = "<group>"; };
		"TEMP_ABEEB398-0328-4467-ABEB-B4103F08F952" /* TimeMarketView.swift */ = {isa = PBXFileReference; lastKnownFileType = sourcecode.swift; path = TimeMarketView.swift; sourceTree = "<group>"; };
		"TEMP_AC05C9FC-676D-47CF-8818-3A3E21436F34" /* HealthKitmanager.swift */ = {isa = PBXFileReference; lastKnownFileType = sourcecode.swift; path = HealthKitmanager.swift; sourceTree = "<group>"; };
		"TEMP_ACDBCB33-0283-4F1B-ABBE-3A941D0A5C95" /* SharedTypes.swift */ = {isa = PBXFileReference; lastKnownFileType = sourcecode.swift; path = SharedTypes.swift; sourceTree = "<group>"; };
		"TEMP_B10BAEE5-C50E-415D-801B-EB1526DADEAC" /* Roulette.swift */ = {isa = PBXFileReference; lastKnownFileType = sourcecode.swift; path = Roulette.swift; sourceTree = "<group>"; };
		"TEMP_B2226DB6-27BA-4C62-AD54-49B9F9917C9B" /* GameState.swift */ = {isa = PBXFileReference; lastKnownFileType = sourcecode.swift; path = GameState.swift; sourceTree = "<group>"; };
		"TEMP_B3F8DDDD-C038-42CD-B17E-6E0E66C975BC" /* GazetteShareCard.swift */ = {isa = PBXFileReference; lastKnownFileType = sourcecode.swift; path = GazetteShareCard.swift; sourceTree = "<group>"; };
		"TEMP_B87E90A2-4CEA-44C9-9019-291A01639C68" /* ServerSync.swift */ = {isa = PBXFileReference; lastKnownFileType = sourcecode.swift; path = ServerSync.swift; sourceTree = "<group>"; };
		"TEMP_BA41AA8E-42E0-4305-AD6D-81F38149D742" /* ZoneSystems.swift */ = {isa = PBXFileReference; lastKnownFileType = sourcecode.swift; path = ZoneSystems.swift; sourceTree = "<group>"; };
		"TEMP_BD468750-91C1-495E-9781-7491EE8DA625" /* FactionView.swift */ = {isa = PBXFileReference; lastKnownFileType = sourcecode.swift; path = FactionView.swift; sourceTree = "<group>"; };
		"TEMP_C43E2EA9-D5DF-4CAA-9EBA-AB3AFABDD0F2" /* MiniJobsView.swift */ = {isa = PBXFileReference; lastKnownFileType = sourcecode.swift; path = MiniJobsView.swift; sourceTree = "<group>"; };
		"TEMP_C8B6B7BF-C7D2-4E75-849F-BB03FA1C8744" /* ContentView.swift */ = {isa = PBXFileReference; lastKnownFileType = sourcecode.swift; path = ContentView.swift; sourceTree = "<group>"; };
		"TEMP_CDFF3C53-4F0B-4102-A39F-61B1AF4A6803" /* InvestmentView.swift */ = {isa = PBXFileReference; lastKnownFileType = sourcecode.swift; path = InvestmentView.swift; sourceTree = "<group>"; };
		"TEMP_CE366210-624C-404E-BC60-47BD5E460271" /* Boostmanager.swift */ = {isa = PBXFileReference; lastKnownFileType = sourcecode.swift; path = Boostmanager.swift; sourceTree = "<group>"; };
		"TEMP_D1B9827F-1C52-4340-B48B-B561F5BE54FE" /* OnboardingEngine.swift */ = {isa = PBXFileReference; lastKnownFileType = sourcecode.swift; path = OnboardingEngine.swift; sourceTree = "<group>"; };
		"TEMP_D5D63A3F-0BFD-4210-BBCB-53112BD7901B" /* DestinationHubs.swift */ = {isa = PBXFileReference; lastKnownFileType = sourcecode.swift; path = DestinationHubs.swift; sourceTree = "<group>"; };
		"TEMP_D82BCFB3-99C8-4282-B6E8-FF406EF75390" /* .gitattributes */ = {isa = PBXFileReference; path = .gitattributes; sourceTree = "<group>"; };
		"TEMP_DC38B575-5A1C-4FDA-B05A-CC14BAB9A97C" /* BoardManager.swift */ = {isa = PBXFileReference; lastKnownFileType = sourcecode.swift; path = BoardManager.swift; sourceTree = "<group>"; };
		"TEMP_DE3B3ABD-2164-42DC-8C23-0F9C84501AB0" /* Assets.xcassets */ = {isa = PBXFileReference; lastKnownFileType = folder.assetcatalog; path = Assets.xcassets; sourceTree = "<group>"; };
		"TEMP_EA160E4C-BB09-46C3-9056-07691951690F" /* ZoneManager.swift */ = {isa = PBXFileReference; lastKnownFileType = sourcecode.swift; path = ZoneManager.swift; sourceTree = "<group>"; };
		"TEMP_EDF1D337-F153-40FC-A42F-F4D7C04ED881" /* ZoneUpgradeFlash.swift */ = {isa = PBXFileReference; lastKnownFileType = sourcecode.swift; path = ZoneUpgradeFlash.swift; sourceTree = "<group>"; };
		"TEMP_EEB56449-7A66-48C5-9676-EAF18110628B" /* FactionManager.swift */ = {isa = PBXFileReference; lastKnownFileType = sourcecode.swift; path = FactionManager.swift; sourceTree = "<group>"; };
		"TEMP_F1977C0D-105B-4FFE-B85F-4E4049631085" /* README.md */ = {isa = PBXFileReference; lastKnownFileType = net.daringfireball.markdown; path = README.md; sourceTree = "<group>"; };
		"TEMP_F1B9C74F-DCA7-4FDE-B87C-3BC220E890DD" /* DeathView.swift */ = {isa = PBXFileReference; lastKnownFileType = sourcecode.swift; path = DeathView.swift; sourceTree = "<group>"; };
		"TEMP_F1E11C3E-5ACC-45B9-B1F6-D535940FA1E4" /* AdminPanelView.swift */ = {isa = PBXFileReference; lastKnownFileType = sourcecode.swift; path = AdminPanelView.swift; sourceTree = "<group>"; };
		"TEMP_F24C4BE0-3E0D-46EA-B8C4-137EFDD658C1" /* AccountSettingsView.swift */ = {isa = PBXFileReference; lastKnownFileType = sourcecode.swift; path = AccountSettingsView.swift; sourceTree = "<group>"; };
		"TEMP_F287EA43-1996-43B6-82FE-0A13F8283E43" /* CodeBreakerView.swift */ = {isa = PBXFileReference; lastKnownFileType = sourcecode.swift; path = CodeBreakerView.swift; sourceTree = "<group>"; };
		"TEMP_F860FECD-580C-4630-B70D-73DE5ECB7A31" /* NPCMemory.swift */ = {isa = PBXFileReference; lastKnownFileType = sourcecode.swift; path = NPCMemory.swift; sourceTree = "<group>"; };
		"TEMP_FB50240D-4420-4B15-99D2-BBEC7FDDD2ED" /* IncomeManager.swift */ = {isa = PBXFileReference; lastKnownFileType = sourcecode.swift; path = IncomeManager.swift; sourceTree = "<group>"; };
		"TEMP_FEB55126-18A6-4A99-9BF9-FE4BD1746A3B" /* GazetteView.swift */ = {isa = PBXFileReference; lastKnownFileType = sourcecode.swift; path = GazetteView.swift; sourceTree = "<group>"; };
/* End PBXFileReference section */

/* Begin PBXGroup section */
		84F5211A0ABDBB522F50A7D6 = {
			isa = PBXGroup;
			children = (
				CA21D7AB6D5D1BC5C02D0004 /* .github */,
				9EF86BE57D204E0B621DF602 /* Products */,
			);
			sourceTree = "<group>";
		};
		9EF86BE57D204E0B621DF602 /* Products */ = {
			isa = PBXGroup;
			children = (
				E8C9DED541B2CCB44CDD620F /* LifeToken.app */,
			);
			name = Products;
			sourceTree = "<group>";
		};
		A06FBC1D56EBC737D080983A /* workflows */ = {
			isa = PBXGroup;
			children = (
				E44913577EBF7F5E080E37C1 /* ci.yml */,
			);
			path = workflows;
			sourceTree = "<group>";
		};
		CA21D7AB6D5D1BC5C02D0004 /* .github */ = {
			isa = PBXGroup;
			children = (
				A06FBC1D56EBC737D080983A /* workflows */,
			);
			path = .github;
			sourceTree = "<group>";
		};
		"TEMP_B1DF01CF-45DE-40C8-99B4-35266DC98168" /* . */ = {
			isa = PBXGroup;
			children = (
				"TEMP_A1AE64AB-115E-4EFD-AF7C-AE092C84F72A" /* WorkView.swift */,
				"TEMP_EDF1D337-F153-40FC-A42F-F4D7C04ED881" /* ZoneUpgradeFlash.swift */,
				"TEMP_BA41AA8E-42E0-4305-AD6D-81F38149D742" /* ZoneSystems.swift */,
				"TEMP_F1B9C74F-DCA7-4FDE-B87C-3BC220E890DD" /* DeathView.swift */,
				"TEMP_07CCCA92-C6E5-4CBF-A1A3-04FE9F342FD6" /* BehaviorTracker.swift */,
				"TEMP_92069C6B-2491-4089-8404-8DF58C9792AC" /* RouletteGameView.swift */,
				"TEMP_F1E11C3E-5ACC-45B9-B1F6-D535940FA1E4" /* AdminPanelView.swift */,
				"TEMP_EEB56449-7A66-48C5-9676-EAF18110628B" /* FactionManager.swift */,
				"TEMP_581D7668-44B7-40D2-B3FA-7F88B84CB0E5" /* TimingGameView.swift */,
				"TEMP_2D29C45D-B061-4A56-BDA8-FD55B8B29F61" /* YatzyScorecardView.swift */,
				"TEMP_A602D340-65AF-4F98-BFD8-0E5C5B319D5A" /* LotteryView.swift */,
				"TEMP_A58E0AB3-9E37-41C5-B990-06311DA6C176" /* YatzyLobbyView.swift */,
				"TEMP_74C2865E-3C46-4977-8F9C-6E7A3E4A692A" /* CasinoParticleView.swift */,
				"TEMP_283E6997-456A-4626-A4AF-CC4C5F948B11" /* TimeEngine.swift */,
				"TEMP_8EA02ACC-2292-4999-BFAA-BFFE365A3A93" /* PokerView.swift */,
				"TEMP_82F488F7-6B07-4EDC-A62C-E63650FE9AF4" /* AdaptiveEngine.swift */,
				"TEMP_9532267A-3F58-4162-BA66-EC4F2A91C91B" /* Persistence.swift */,
				"TEMP_5B837FE2-E5E1-4830-A198-4D661CC87FA0" /* WorldHomeView.swift */,
				"TEMP_699C9068-2DB1-4D6E-9C29-F726ED5056EB" /* LeaderboardView.swift */,
				"TEMP_49688694-8381-4B30-BEEF-E75D14212097" /* NotificationManager.swift */,
				"TEMP_61D660FD-4B16-42EB-9C4C-11D6DA4AEB54" /* YatzyView.swift */,
				"TEMP_DE3B3ABD-2164-42DC-8C23-0F9C84501AB0" /* Assets.xcassets */,
				"TEMP_2394BB45-7572-43C6-B9B0-1E3BD3C2CC26" /* EventEngine.swift */,
				"TEMP_875CDBB6-0048-4567-8705-8FAA7E42DE48" /* BombDefuseView.swift */,
				"TEMP_BD468750-91C1-495E-9781-7491EE8DA625" /* FactionView.swift */,
				"TEMP_7C83BAE1-76B9-4A91-872C-876F59A90335" /* InflationManager.swift */,
				"TEMP_41FDB3E4-66C8-439D-B768-1C3CD7B78F29" /* YatzyGameOverView.swift */,
				"TEMP_6765D58A-A6FF-48B4-8084-1DF516899CFA" /* DesignSystem.swift */,
				"TEMP_7D083AB3-5942-4A30-92F1-15EF3837612F" /* ThemeEngine.swift */,
				"TEMP_F287EA43-1996-43B6-82FE-0A13F8283E43" /* CodeBreakerView.swift */,
				"TEMP_7C456131-3345-4174-BC65-0CD8C5238102" /* PipeGameView.swift */,
				"TEMP_F24C4BE0-3E0D-46EA-B8C4-137EFDD658C1" /* AccountSettingsView.swift */,
				"TEMP_78E30979-F827-4B9C-A798-0825D2B2FE86" /* YatzyPlayerView.swift */,
				"TEMP_1F89B750-2DD4-4322-A5F7-C78A2ECF4DCF" /* ZoneVisual.swift */,
				"TEMP_520083A9-27F6-4BC5-8429-1877C3EE130E" /* WorkComponents.swift */,
				"TEMP_005AE7E8-023E-4CB6-8B0C-52DA47CDFD41" /* CasinoHubView.swift */,
				"TEMP_F1977C0D-105B-4FFE-B85F-4E4049631085" /* README.md */,
				"TEMP_CE366210-624C-404E-BC60-47BD5E460271" /* Boostmanager.swift */,
				"TEMP_5BC59914-0BF0-4EA3-8896-C2324F2CF2F4" /* SortingGameView.swift */,
				"TEMP_ABEEB398-0328-4467-ABEB-B4103F08F952" /* TimeMarketView.swift */,
				"TEMP_2FCA9DAF-4F61-47A1-95F4-C666F6181B9E" /* Media.bundle */,
				"TEMP_7BBFDA7F-BDB6-4B56-8970-140C42E4DB9D" /* ZoneLore.swift */,
				"TEMP_320ABAC3-8465-487E-AFCD-06D37DC8BC74" /* PvPRaidView.swift */,
				"TEMP_A32AFF51-923F-4D91-89B9-C043C144BAA4" /* ZoneProfile.swift */,
				"TEMP_8B676A0C-43C0-46DF-B0A2-225883F8305A" /* SocialTransferViews.swift */,
				"TEMP_211554BF-7BD1-4965-A2E9-95C4120E1BAC" /* StepBetView.swift */,
				"TEMP_A25204F3-E45C-4140-93E1-43569665DCA4" /* Intro.swift */,
				"TEMP_D1B9827F-1C52-4340-B48B-B561F5BE54FE" /* OnboardingEngine.swift */,
				"TEMP_A1F87D37-3C7D-4846-AB2A-2D73165AB9AE" /* YatzyAILogic.swift */,
				"TEMP_9FCF8457-29D6-434F-A149-819A8D1DB296" /* InTimeClockView.swift */,
				"TEMP_D5D63A3F-0BFD-4210-BBCB-53112BD7901B" /* DestinationHubs.swift */,
				"TEMP_92A8B363-95D0-4B60-B66A-BD1500F83CAA" /* PokerEngine.swift */,
				"TEMP_F860FECD-580C-4630-B70D-73DE5ECB7A31" /* NPCMemory.swift */,
				"TEMP_843595CC-F897-42ED-B3FD-89B4B8DE190A" /* AUDIT_REPORT.md */,
				"TEMP_55718034-C6DD-4324-A165-48B5FCB2C435" /* PrivacyInfo.xcprivacy */,
				"TEMP_D82BCFB3-99C8-4282-B6E8-FF406EF75390" /* .gitattributes */,
				"TEMP_B3F8DDDD-C038-42CD-B17E-6E0E66C975BC" /* GazetteShareCard.swift */,
				"TEMP_A00F02D4-2859-4E55-A0D9-99276472574F" /* YatzyGameEngine.swift */,
				"TEMP_0C83FBF4-536A-45B9-8B3F-B74515C55369" /* LifeToken.xcdatamodeld */,
				"TEMP_B2226DB6-27BA-4C62-AD54-49B9F9917C9B" /* GameState.swift */,
				"TEMP_AC05C9FC-676D-47CF-8818-3A3E21436F34" /* HealthKitmanager.swift */,
				"TEMP_04098537-08CB-4761-8E52-B6E825ABE6B6" /* NightMarketView.swift */,
				"TEMP_DC38B575-5A1C-4FDA-B05A-CC14BAB9A97C" /* BoardManager.swift */,
				"TEMP_CDFF3C53-4F0B-4102-A39F-61B1AF4A6803" /* InvestmentView.swift */,
				"TEMP_ACDBCB33-0283-4F1B-ABBE-3A941D0A5C95" /* SharedTypes.swift */,
				"TEMP_83B12B22-AF92-4E6C-A9D5-82D16C26D9EE" /* BankView.swift */,
				"TEMP_7BB5D2ED-E854-4626-B059-96A8B06BE311" /* LifeTokenApp.swift */,
				"TEMP_1D64125B-405E-4862-8D9D-0E75F1F022EF" /* ZoneOperationsView.swift */,
				"TEMP_055F0C46-E49B-49E9-A558-9EE6423D897D" /* SocialView.swift */,
				"TEMP_536DE470-B326-4CC8-970B-B3E7C4D8C115" /* BlackjackView.swift */,
				"TEMP_77B81C6F-45CC-4614-9F53-ACA3A4020ADD" /* CrashView.swift */,
				"TEMP_FEB55126-18A6-4A99-9BF9-FE4BD1746A3B" /* GazetteView.swift */,
				"TEMP_C43E2EA9-D5DF-4CAA-9EBA-AB3AFABDD0F2" /* MiniJobsView.swift */,
				"TEMP_FB50240D-4420-4B15-99D2-BBEC7FDDD2ED" /* IncomeManager.swift */,
				"TEMP_0665B284-C5AA-4AF2-8141-E6D259DD1EF6" /* MissionsView.swift */,
				"TEMP_EA160E4C-BB09-46C3-9056-07691951690F" /* ZoneManager.swift */,
				"TEMP_41E62874-8A63-48DC-AFFD-6FD79B26281C" /* StepBetResultCard.swift */,
				"TEMP_3DED896B-5B34-454C-8354-6E6BCF9D1332" /* ZoneLoreView.swift */,
				"TEMP_16809E89-0095-48A2-A86E-AC5364FBA06E" /* NewsManager.swift */,
				"TEMP_4F86C22B-8F35-4A30-BE16-E11238BD18DF" /* MultiplayerYatzyView.swift */,
				"TEMP_C8B6B7BF-C7D2-4E75-849F-BB03FA1C8744" /* ContentView.swift */,
				"TEMP_9A94B2C2-0AF1-4B16-8349-41D6ECCA748A" /* CryoSleepOverlay.swift */,
				"TEMP_580F5E8F-7D0E-428C-AD63-7F43529FDBA3" /* YatzyGameplayView.swift */,
				"TEMP_91EAF6B3-7B6B-411E-9AA9-366D2BDD6279" /* Info.plist */,
				"TEMP_B10BAEE5-C50E-415D-801B-EB1526DADEAC" /* Roulette.swift */,
				"TEMP_B87E90A2-4CEA-44C9-9019-291A01639C68" /* ServerSync.swift */,
				"TEMP_13CEF7B6-00D0-4597-9E00-6F0A91B0AF9E" /* LifeToken.entitlements */,
				CA21D7AB6D5D1BC5C02D0004 /* .github */,
			);
			name = .;
			path = .;
			sourceTree = "<group>";
		};
/* End PBXGroup section */

/* Begin PBXNativeTarget section */
		D695394B5927FED8088E7656 /* LifeToken */ = {
			isa = PBXNativeTarget;
			buildConfigurationList = 9C6B38F742D94AEE79495D15 /* Build configuration list for PBXNativeTarget "LifeToken" */;
			buildPhases = (
				BE67757F59E9A122CD43E151 /* Sources */,
				6998C677A1767E0F0FB7D815 /* Resources */,
			);
			buildRules = (
			);
			dependencies = (
			);
			name = LifeToken;
			packageProductDependencies = (
			);
			productName = LifeToken;
			productReference = E8C9DED541B2CCB44CDD620F /* LifeToken.app */;
			productType = "com.apple.product-type.application";
		};
/* End PBXNativeTarget section */

/* Begin PBXProject section */
		3EEEBCD3EE31724B57E67BAC /* Project object */ = {
			isa = PBXProject;
			attributes = {
				BuildIndependentTargetsInParallel = YES;
				LastUpgradeCheck = 1430;
				TargetAttributes = {
					D695394B5927FED8088E7656 = {
						DevelopmentTeam = G648H762LD;
						ProvisioningStyle = Automatic;
					};
				};
			};
			buildConfigurationList = D7AB0A064B47689892109D23 /* Build configuration list for PBXProject "LifeToken" */;
			developmentRegion = en;
			hasScannedForEncodings = 0;
			knownRegions = (
				Base,
				en,
			);
			mainGroup = 84F5211A0ABDBB522F50A7D6;
			minimizedProjectReferenceProxies = 1;
			preferredProjectObjectVersion = 77;
			productRefGroup = 9EF86BE57D204E0B621DF602 /* Products */;
			projectDirPath = "";
			projectRoot = "";
			targets = (
				D695394B5927FED8088E7656 /* LifeToken */,
			);
		};
/* End PBXProject section */

/* Begin PBXResourcesBuildPhase section */
		6998C677A1767E0F0FB7D815 /* Resources */ = {
			isa = PBXResourcesBuildPhase;
			buildActionMask = 2147483647;
			files = (
				6577CE5FA073C2DCA6A6A6D6 /* AUDIT_REPORT.md in Resources */,
				E85BEE1A9A88AA325CA35D49 /* Assets.xcassets in Resources */,
				13AD12F9DAB18C1180C46401 /* Media.bundle in Resources */,
				1BFD17377B87C5F0B4D81AE3 /* PrivacyInfo.xcprivacy in Resources */,
				22DD6B09E21F6CB6539D93E8 /* README.md in Resources */,
				25E0E2B2F78541FBB07CF75A /* ci.yml in Resources */,
			);
			runOnlyForDeploymentPostprocessing = 0;
		};
/* End PBXResourcesBuildPhase section */

/* Begin PBXSourcesBuildPhase section */
		BE67757F59E9A122CD43E151 /* Sources */ = {
			isa = PBXSourcesBuildPhase;
			buildActionMask = 2147483647;
			files = (
				F2742263CF74FD1E24324BB6 /* AccountSettingsView.swift in Sources */,
				C236965FA7A60432A4F62424 /* AdaptiveEngine.swift in Sources */,
				A6F7DF32EC5807A1750C6AB1 /* AdminPanelView.swift in Sources */,
				8B93CF5A1E2769A1FAB573B9 /* BankView.swift in Sources */,
				CB25B70C7E58C3C14416BA96 /* BehaviorTracker.swift in Sources */,
				11692FAB700A70CBD7920D1A /* BlackjackView.swift in Sources */,
				489FC1EC05E2E9DD7481C7C9 /* BoardManager.swift in Sources */,
				BCAFC0C96A4A4D89AA55DE34 /* BombDefuseView.swift in Sources */,
				59F6D093024AEC8C030EF814 /* Boostmanager.swift in Sources */,
				2A766F7057792CA52CD11AFB /* CasinoHubView.swift in Sources */,
				FCA53AC6C081088410B88EFD /* CasinoParticleView.swift in Sources */,
				E07CA6F02CF6C8B4B4F27FCF /* CodeBreakerView.swift in Sources */,
				16A64D2047F7BF2A10446F6C /* ContentView.swift in Sources */,
				B40E417BC799EA52462D228B /* CrashView.swift in Sources */,
				92720EE1553567183F8BE6F0 /* CryoSleepOverlay.swift in Sources */,
				25913083FB8C1BCDDC3826F0 /* DeathView.swift in Sources */,
				3E91AF50E00CA816FBB7115E /* DesignSystem.swift in Sources */,
				17C152D885F312562D15B544 /* DestinationHubs.swift in Sources */,
				67A5735EFE632B0048D12B7B /* EventEngine.swift in Sources */,
				B36703D26D0064C95853A30F /* FactionManager.swift in Sources */,
				92C1E26AD3BE568B858F4F0A /* FactionView.swift in Sources */,
				3387B82DCACEEE7A40A4D46C /* GameState.swift in Sources */,
				325655F62DC82EADA7D7DDE4 /* GazetteShareCard.swift in Sources */,
				E180CC183B712BE54C27C703 /* GazetteView.swift in Sources */,
				9CC47A2B688983C56BEAFE3C /* HealthKitmanager.swift in Sources */,
				0503163CE9C079B9EC4E221B /* InTimeClockView.swift in Sources */,
				323604D8AA86FDF91587C812 /* IncomeManager.swift in Sources */,
				42C2F2B59FF1620FF127CD3C /* InflationManager.swift in Sources */,
				6416C875F53670CE100B500A /* Intro.swift in Sources */,
				883F30653259A29F23E9CE9F /* InvestmentView.swift in Sources */,
				823246974711688E5005D038 /* LeaderboardView.swift in Sources */,
				431460CE110586875AC847FF /* LifeToken.xcdatamodeld in Sources */,
				DD47FA1EF37B780B2F3BA637 /* LifeTokenApp.swift in Sources */,
				DFD37ECF6CE54A7FBF365EF1 /* LotteryView.swift in Sources */,
				CEF24CD1C6D66D60C0607DCE /* MiniJobsView.swift in Sources */,
				F9EFE9A7963FC50C49F7E16C /* MissionsView.swift in Sources */,
				457067D24C424B11183A545B /* MultiplayerYatzyView.swift in Sources */,
				D526C1D1429549E428336887 /* NPCMemory.swift in Sources */,
				2432597CAA010102B629069F /* NewsManager.swift in Sources */,
				1E9D1E85E9DA1890416E4C95 /* NightMarketView.swift in Sources */,
				392514CCD2244EBE0CB51E54 /* NotificationManager.swift in Sources */,
				BCF478043CF7BB8BE2C933CF /* OnboardingEngine.swift in Sources */,
				F0A98BFF17FE9A4CFB2BFEAE /* Persistence.swift in Sources */,
				C9E96AA0CDAF46E7C61AE39F /* PipeGameView.swift in Sources */,
				AA78FBDD4DC0876336867856 /* PokerEngine.swift in Sources */,
				B5D8A558898FA970EAC85DE2 /* PokerView.swift in Sources */,
				28E089AB32F5F62824863B23 /* PvPRaidView.swift in Sources */,
				66DE4411D690F8EABB0EEE3E /* Roulette.swift in Sources */,
				1041E49875AF943A66F5B777 /* RouletteGameView.swift in Sources */,
				9990C8FBB9064338641ABD91 /* ServerSync.swift in Sources */,
				5B0373D3159468AAAFD61700 /* SharedTypes.swift in Sources */,
				FC88ABF35FB63F5EA797D19F /* SocialTransferViews.swift in Sources */,
				C81568B1E8A133F514393625 /* SocialView.swift in Sources */,
				FC42E4BB11358152B50322A4 /* SortingGameView.swift in Sources */,
				667A644A95D9754985A7987B /* StepBetResultCard.swift in Sources */,
				F9CF5431A44E315AC52F3787 /* StepBetView.swift in Sources */,
				08C5B96289C1B58211665E68 /* ThemeEngine.swift in Sources */,
				6DF9D26D47FA0EE6C99B9C75 /* TimeEngine.swift in Sources */,
				8A4EADB04836DC4154D02750 /* TimeMarketView.swift in Sources */,
				212DA5DBEA41539CDCFB1EB5 /* TimingGameView.swift in Sources */,
				D3C58F0A9E3FB8B64AD53F40 /* WorkComponents.swift in Sources */,
				8225F00CE434473478314A18 /* WorkView.swift in Sources */,
				B18D08A804C2D4DE8EB62C13 /* WorldHomeView.swift in Sources */,
				B130653213450E29F796A9A0 /* YatzyAILogic.swift in Sources */,
				E339C0C1376F8F3E0FC3606F /* YatzyGameEngine.swift in Sources */,
				54429345A4A17CCB74C191DE /* YatzyGameOverView.swift in Sources */,
				B57F4AACD838B56F9855294B /* YatzyGameplayView.swift in Sources */,
				1B40245BCFC5F16CC241A579 /* YatzyLobbyView.swift in Sources */,
				975A5A7497B1EE28979899BD /* YatzyPlayerView.swift in Sources */,
				168A98B77A04EE7656E7F882 /* YatzyScorecardView.swift in Sources */,
				DF97CFEE2794D90B412ACCAC /* YatzyView.swift in Sources */,
				DBB2361A37373228C874760F /* ZoneLore.swift in Sources */,
				D8D89413B646D8A7993875E0 /* ZoneLoreView.swift in Sources */,
				E4C154B34FE297503E058D04 /* ZoneManager.swift in Sources */,
				3CC32F1F5A9FBF1D9EDBF1C4 /* ZoneOperationsView.swift in Sources */,
				4CD6EC7DFCEB636193C18BD2 /* ZoneProfile.swift in Sources */,
				1C6A22D01139DC3449C379E7 /* ZoneSystems.swift in Sources */,
				5E230D1666A24B80E8510E00 /* ZoneUpgradeFlash.swift in Sources */,
				D6C264B657A8ACFE8C7CF0DA /* ZoneVisual.swift in Sources */,
			);
			runOnlyForDeploymentPostprocessing = 0;
		};
/* End PBXSourcesBuildPhase section */

/* Begin XCBuildConfiguration section */
		04D6A508F6B0C5AC34ECD659 /* Release */ = {
			isa = XCBuildConfiguration;
			buildSettings = {
				ALWAYS_SEARCH_USER_PATHS = NO;
				CLANG_ANALYZER_NONNULL = YES;
				CLANG_ANALYZER_NUMBER_OBJECT_CONVERSION = YES_AGGRESSIVE;
				CLANG_CXX_LANGUAGE_STANDARD = "gnu++14";
				CLANG_CXX_LIBRARY = "libc++";
				CLANG_ENABLE_MODULES = YES;
				CLANG_ENABLE_OBJC_ARC = YES;
				CLANG_ENABLE_OBJC_WEAK = YES;
				CLANG_WARN_BLOCK_CAPTURE_AUTORELEASING = YES;
				CLANG_WARN_BOOL_CONVERSION = YES;
				CLANG_WARN_COMMA = YES;
				CLANG_WARN_CONSTANT_CONVERSION = YES;
				CLANG_WARN_DEPRECATED_OBJC_IMPLEMENTATIONS = YES;
				CLANG_WARN_DIRECT_OBJC_ISA_USAGE = YES_ERROR;
				CLANG_WARN_DOCUMENTATION_COMMENTS = YES;
				CLANG_WARN_EMPTY_BODY = YES;
				CLANG_WARN_ENUM_CONVERSION = YES;
				CLANG_WARN_INFINITE_RECURSION = YES;
				CLANG_WARN_INT_CONVERSION = YES;
				CLANG_WARN_NON_LITERAL_NULL_CONVERSION = YES;
				CLANG_WARN_OBJC_IMPLICIT_RETAIN_SELF = YES;
				CLANG_WARN_OBJC_LITERAL_CONVERSION = YES;
				CLANG_WARN_OBJC_ROOT_CLASS = YES_ERROR;
				CLANG_WARN_QUOTED_INCLUDE_IN_FRAMEWORK_HEADER = YES;
				CLANG_WARN_RANGE_LOOP_ANALYSIS = YES;
				CLANG_WARN_STRICT_PROTOTYPES = YES;
				CLANG_WARN_SUSPICIOUS_MOVE = YES;
				CLANG_WARN_UNGUARDED_AVAILABILITY = YES_AGGRESSIVE;
				CLANG_WARN_UNREACHABLE_CODE = YES;
				CLANG_WARN__DUPLICATE_METHOD_MATCH = YES;
				CODE_SIGN_STYLE = Automatic;
				COPY_PHASE_STRIP = NO;
				CURRENT_PROJECT_VERSION = 1;
				DEBUG_INFORMATION_FORMAT = "dwarf-with-dsym";
				DEVELOPMENT_TEAM = G648H762LD;
				ENABLE_NS_ASSERTIONS = NO;
				ENABLE_STRICT_OBJC_MSGSEND = YES;
				GCC_C_LANGUAGE_STANDARD = gnu11;
				GCC_NO_COMMON_BLOCKS = YES;
				GCC_WARN_64_TO_32_BIT_CONVERSION = YES;
				GCC_WARN_ABOUT_RETURN_TYPE = YES_ERROR;
				GCC_WARN_UNDECLARED_SELECTOR = YES;
				GCC_WARN_UNINITIALIZED_AUTOS = YES_AGGRESSIVE;
				GCC_WARN_UNUSED_FUNCTION = YES;
				GCC_WARN_UNUSED_VARIABLE = YES;
				IPHONEOS_DEPLOYMENT_TARGET = 18.0;
				MARKETING_VERSION = 1.0;
				MTL_ENABLE_DEBUG_INFO = NO;
				MTL_FAST_MATH = YES;
				PRODUCT_NAME = "$(TARGET_NAME)";
				SDKROOT = iphoneos;
				SWIFT_COMPILATION_MODE = wholemodule;
				SWIFT_OPTIMIZATION_LEVEL = "-O";
				SWIFT_VERSION = 5.0;
			};
			name = Release;
		};
		06A7E9DAACE72CF3B9183766 /* Debug */ = {
			isa = XCBuildConfiguration;
			buildSettings = {
				ALWAYS_SEARCH_USER_PATHS = NO;
				CLANG_ANALYZER_NONNULL = YES;
				CLANG_ANALYZER_NUMBER_OBJECT_CONVERSION = YES_AGGRESSIVE;
				CLANG_CXX_LANGUAGE_STANDARD = "gnu++14";
				CLANG_CXX_LIBRARY = "libc++";
				CLANG_ENABLE_MODULES = YES;
				CLANG_ENABLE_OBJC_ARC = YES;
				CLANG_ENABLE_OBJC_WEAK = YES;
				CLANG_WARN_BLOCK_CAPTURE_AUTORELEASING = YES;
				CLANG_WARN_BOOL_CONVERSION = YES;
				CLANG_WARN_COMMA = YES;
				CLANG_WARN_CONSTANT_CONVERSION = YES;
				CLANG_WARN_DEPRECATED_OBJC_IMPLEMENTATIONS = YES;
				CLANG_WARN_DIRECT_OBJC_ISA_USAGE = YES_ERROR;
				CLANG_WARN_DOCUMENTATION_COMMENTS = YES;
				CLANG_WARN_EMPTY_BODY = YES;
				CLANG_WARN_ENUM_CONVERSION = YES;
				CLANG_WARN_INFINITE_RECURSION = YES;
				CLANG_WARN_INT_CONVERSION = YES;
				CLANG_WARN_NON_LITERAL_NULL_CONVERSION = YES;
				CLANG_WARN_OBJC_IMPLICIT_RETAIN_SELF = YES;
				CLANG_WARN_OBJC_LITERAL_CONVERSION = YES;
				CLANG_WARN_OBJC_ROOT_CLASS = YES_ERROR;
				CLANG_WARN_QUOTED_INCLUDE_IN_FRAMEWORK_HEADER = YES;
				CLANG_WARN_RANGE_LOOP_ANALYSIS = YES;
				CLANG_WARN_STRICT_PROTOTYPES = YES;
				CLANG_WARN_SUSPICIOUS_MOVE = YES;
				CLANG_WARN_UNGUARDED_AVAILABILITY = YES_AGGRESSIVE;
				CLANG_WARN_UNREACHABLE_CODE = YES;
				CLANG_WARN__DUPLICATE_METHOD_MATCH = YES;
				CODE_SIGN_STYLE = Automatic;
				COPY_PHASE_STRIP = NO;
				CURRENT_PROJECT_VERSION = 1;
				DEBUG_INFORMATION_FORMAT = dwarf;
				DEVELOPMENT_TEAM = G648H762LD;
				ENABLE_STRICT_OBJC_MSGSEND = YES;
				ENABLE_TESTABILITY = YES;
				GCC_C_LANGUAGE_STANDARD = gnu11;
				GCC_DYNAMIC_NO_PIC = NO;
				GCC_NO_COMMON_BLOCKS = YES;
				GCC_OPTIMIZATION_LEVEL = 0;
				GCC_PREPROCESSOR_DEFINITIONS = (
					"$(inherited)",
					"DEBUG=1",
				);
				GCC_WARN_64_TO_32_BIT_CONVERSION = YES;
				GCC_WARN_ABOUT_RETURN_TYPE = YES_ERROR;
				GCC_WARN_UNDECLARED_SELECTOR = YES;
				GCC_WARN_UNINITIALIZED_AUTOS = YES_AGGRESSIVE;
				GCC_WARN_UNUSED_FUNCTION = YES;
				GCC_WARN_UNUSED_VARIABLE = YES;
				IPHONEOS_DEPLOYMENT_TARGET = 18.0;
				MARKETING_VERSION = 1.0;
				MTL_ENABLE_DEBUG_INFO = INCLUDE_SOURCE;
				MTL_FAST_MATH = YES;
				ONLY_ACTIVE_ARCH = YES;
				PRODUCT_NAME = "$(TARGET_NAME)";
				SDKROOT = iphoneos;
				SWIFT_ACTIVE_COMPILATION_CONDITIONS = DEBUG;
				SWIFT_OPTIMIZATION_LEVEL = "-Onone";
				SWIFT_VERSION = 5.0;
			};
			name = Debug;
		};
		76AD4DF7087CF4A9960B1415 /* Release */ = {
			isa = XCBuildConfiguration;
			buildSettings = {
				ASSETCATALOG_COMPILER_APPICON_NAME = AppIcon;
				CODE_SIGN_ENTITLEMENTS = LifeToken.entitlements;
				CODE_SIGN_IDENTITY = "iPhone Developer";
				INFOPLIST_FILE = Info.plist;
				LD_RUNPATH_SEARCH_PATHS = (
					"$(inherited)",
					"@executable_path/Frameworks",
				);
				PRODUCT_BUNDLE_IDENTIFIER = com.terrorbyte.LifeToken;
				SDKROOT = iphoneos;
				SUPPORTS_MACCATALYST = NO;
				SWIFT_OBJC_BRIDGING_HEADER = "";
				TARGETED_DEVICE_FAMILY = "1,2";
			};
			name = Release;
		};
		C7F4F02D5CEAC2009E32450A /* Debug */ = {
			isa = XCBuildConfiguration;
			buildSettings = {
				ASSETCATALOG_COMPILER_APPICON_NAME = AppIcon;
				CODE_SIGN_ENTITLEMENTS = LifeToken.entitlements;
				CODE_SIGN_IDENTITY = "iPhone Developer";
				INFOPLIST_FILE = Info.plist;
				LD_RUNPATH_SEARCH_PATHS = (
					"$(inherited)",
					"@executable_path/Frameworks",
				);
				PRODUCT_BUNDLE_IDENTIFIER = com.terrorbyte.LifeToken;
				SDKROOT = iphoneos;
				SUPPORTS_MACCATALYST = NO;
				SWIFT_OBJC_BRIDGING_HEADER = "";
				TARGETED_DEVICE_FAMILY = "1,2";
			};
			name = Debug;
		};
/* End XCBuildConfiguration section */

/* Begin XCConfigurationList section */
		9C6B38F742D94AEE79495D15 /* Build configuration list for PBXNativeTarget "LifeToken" */ = {
			isa = XCConfigurationList;
			buildConfigurations = (
				C7F4F02D5CEAC2009E32450A /* Debug */,
				76AD4DF7087CF4A9960B1415 /* Release */,
			);
			defaultConfigurationIsVisible = 0;
			defaultConfigurationName = Debug;
		};
		D7AB0A064B47689892109D23 /* Build configuration list for PBXProject "LifeToken" */ = {
			isa = XCConfigurationList;
			buildConfigurations = (
				06A7E9DAACE72CF3B9183766 /* Debug */,
				04D6A508F6B0C5AC34ECD659 /* Release */,
			);
			defaultConfigurationIsVisible = 0;
			defaultConfigurationName = Debug;
		};
/* End XCConfigurationList section */

/* Begin XCVersionGroup section */
		"TEMP_0C83FBF4-536A-45B9-8B3F-B74515C55369" /* LifeToken.xcdatamodeld */ = {
			isa = XCVersionGroup;
			children = (
				"TEMP_9893907B-6289-4484-A429-A2818A495416" /* LifeToken.xcdatamodel */,
			);
			currentVersion = "TEMP_9893907B-6289-4484-A429-A2818A495416" /* LifeToken.xcdatamodel */;
			path = LifeToken.xcdatamodeld;
			sourceTree = "<group>";
			versionGroupType = wrapper.xcdatamodel;
		};
/* End XCVersionGroup section */
	};
	rootObject = 3EEEBCD3EE31724B57E67BAC /* Project object */;
}
