// !$*UTF8*$!
{
	archiveVersion = 1;
	classes = {
	};
	objectVersion = 77;
	objects = {

/* Begin PBXBuildFile section */
		00B1CF1C3207787A34E43A3E /* InflationManager.swift in Sources */ = {isa = PBXBuildFile; fileRef = "TEMP_DB22CF14-2D33-4AAF-90EC-C3B3C908777D" /* InflationManager.swift */; };
		09A43F0774D4EA0592F4C292 /* SortingGameView.swift in Sources */ = {isa = PBXBuildFile; fileRef = "TEMP_DD534938-3650-4778-ABB4-AF3BF2D48C9B" /* SortingGameView.swift */; };
		0B22AB2DE363F44B7DFCEE6F /* ZoneManager.swift in Sources */ = {isa = PBXBuildFile; fileRef = "TEMP_0BEA88DA-15D5-443A-899D-9584E43F9926" /* ZoneManager.swift */; };
		0B8C2F75A2C21E880AE7AD7B /* LifeTokenApp.swift in Sources */ = {isa = PBXBuildFile; fileRef = "TEMP_50110CA9-64B6-4945-A24E-B98FAACE8899" /* LifeTokenApp.swift */; };
		0F344DED8BB8937EA886E9F5 /* CasinoParticleView.swift in Sources */ = {isa = PBXBuildFile; fileRef = "TEMP_F01B9A16-A37A-439C-ADD1-F7E669482196" /* CasinoParticleView.swift */; };
		10D60EF9E6BAF5839C32DCD8 /* EventEngine.swift in Sources */ = {isa = PBXBuildFile; fileRef = "TEMP_8E027BAA-5153-47C2-86D1-E448523A997D" /* EventEngine.swift */; };
		19233F17A50A74AFC197F71C /* Assets.xcassets in Resources */ = {isa = PBXBuildFile; fileRef = "TEMP_72CE48D2-71FC-413C-A61D-6A825E448C00" /* Assets.xcassets */; };
		1A29D174E8B90566719236DC /* GameState.swift in Sources */ = {isa = PBXBuildFile; fileRef = "TEMP_23524FE6-6F28-4824-851A-84E16583E7A8" /* GameState.swift */; };
		25E0E2B2F78541FBB07CF75A /* ci.yml in Resources */ = {isa = PBXBuildFile; fileRef = E44913577EBF7F5E080E37C1 /* ci.yml */; };
		264BA276C5B3BAFEDB3C8510 /* CasinoHubView.swift in Sources */ = {isa = PBXBuildFile; fileRef = "TEMP_B7A53581-08D7-42F1-A80D-24DB676C6A09" /* CasinoHubView.swift */; };
		28290FD4C4238D5B9575F458 /* DesignSystem.swift in Sources */ = {isa = PBXBuildFile; fileRef = "TEMP_50240F36-043B-49FB-892E-54FA25C2F636" /* DesignSystem.swift */; };
		286E940BD67F1284D234EABE /* SocialTransferViews.swift in Sources */ = {isa = PBXBuildFile; fileRef = "TEMP_85964D2A-815F-4213-A835-8A8A80BC4C95" /* SocialTransferViews.swift */; };
		2B357EA13F9BEE35BF1C55E6 /* IncomeManager.swift in Sources */ = {isa = PBXBuildFile; fileRef = "TEMP_704316FB-C087-4AFA-93D0-8977E1842293" /* IncomeManager.swift */; };
		2C950906D7C67C90CD0547F6 /* InTimeClockView.swift in Sources */ = {isa = PBXBuildFile; fileRef = "TEMP_3634729F-39CC-47DC-AE12-8B730C8753C1" /* InTimeClockView.swift */; };
		2E4FDCE0F38240A9A2A1FA32 /* InvestmentView.swift in Sources */ = {isa = PBXBuildFile; fileRef = "TEMP_649B61AA-1650-4C4A-9371-6EA50657669C" /* InvestmentView.swift */; };
		34D7638CDA4897790D9A45F7 /* OnboardingEngine.swift in Sources */ = {isa = PBXBuildFile; fileRef = "TEMP_ED937E48-4191-47E1-8EE3-B1AE395190A3" /* OnboardingEngine.swift */; };
		3640DB0603AC4B0362BD8C64 /* CryoSleepOverlay.swift in Sources */ = {isa = PBXBuildFile; fileRef = "TEMP_E04F49DB-1373-421F-91F3-351A30E8FE03" /* CryoSleepOverlay.swift */; };
		383216166F735E2466569D08 /* MultiplayerYatzyView.swift in Sources */ = {isa = PBXBuildFile; fileRef = "TEMP_2B3EDC38-99E1-40E2-999F-B3A48D20949F" /* MultiplayerYatzyView.swift */; };
		3CA11EB4DDA586B4670E2EA0 /* YatzyLobbyView.swift in Sources */ = {isa = PBXBuildFile; fileRef = "TEMP_75BD64A7-2C0A-4D84-843A-0C802ABB86B7" /* YatzyLobbyView.swift */; };
		3CD24581C792262D5049A06C /* BehaviorTracker.swift in Sources */ = {isa = PBXBuildFile; fileRef = "TEMP_06E05DD4-4795-454D-B20A-BC86B4E530A2" /* BehaviorTracker.swift */; };
		3CEBB4E3EDDC166757180C60 /* ZoneUpgradeFlash.swift in Sources */ = {isa = PBXBuildFile; fileRef = "TEMP_5E17410A-F50C-4674-AB5B-85ECD888E4AE" /* ZoneUpgradeFlash.swift */; };
		4434FBD921A25190EC063177 /* YatzyPlayerView.swift in Sources */ = {isa = PBXBuildFile; fileRef = "TEMP_20B52239-4F8F-44F7-B388-712C188E9D45" /* YatzyPlayerView.swift */; };
		452B145CC037910C1F1E4A77 /* PrivacyInfo.xcprivacy in Resources */ = {isa = PBXBuildFile; fileRef = "TEMP_62FF38B2-8730-4345-A58B-976F10139E43" /* PrivacyInfo.xcprivacy */; };
		49B30532354B66CCF24A19EB /* ZoneProfile.swift in Sources */ = {isa = PBXBuildFile; fileRef = "TEMP_168B9B6D-47DD-4630-B77A-5529B891ED86" /* ZoneProfile.swift */; };
		4B70F627725622B69E053B51 /* PvPRaidView.swift in Sources */ = {isa = PBXBuildFile; fileRef = "TEMP_332D8722-03E3-4548-B6E6-D9DC603A959F" /* PvPRaidView.swift */; };
		4DAF0FA0B513469FDCBE7AC4 /* ContentView.swift in Sources */ = {isa = PBXBuildFile; fileRef = "TEMP_8A365A4D-EB05-4012-AA6E-C6C42AA45FC5" /* ContentView.swift */; };
		4E183C6B9F11E4457BAFB4F5 /* FactionView.swift in Sources */ = {isa = PBXBuildFile; fileRef = "TEMP_FCE904C8-F6BA-4CD6-9572-29360183A2AA" /* FactionView.swift */; };
		4E2C9A56CAA5ECCF10971A10 /* Roulette.swift in Sources */ = {isa = PBXBuildFile; fileRef = "TEMP_DBC97CCA-74A8-4AEE-B151-C658082E23F4" /* Roulette.swift */; };
		50E52F60D0F8A81DF67EE940 /* WorkView.swift in Sources */ = {isa = PBXBuildFile; fileRef = "TEMP_9ED7DA07-1BD5-4AB8-88D1-F5282BEE93A3" /* WorkView.swift */; };
		5418C75D77D9C858CA551F1C /* ZoneLore.swift in Sources */ = {isa = PBXBuildFile; fileRef = "TEMP_22903D48-824E-470A-953E-124A17F39856" /* ZoneLore.swift */; };
		55E7248F2E860C297AC5E696 /* MiniJobsView.swift in Sources */ = {isa = PBXBuildFile; fileRef = "TEMP_E575C0C8-6637-40F4-A86F-2E4F84E8C0BE" /* MiniJobsView.swift */; };
		58AEFB1E1BEBAA5E09215D2B /* AUDIT_REPORT.md in Resources */ = {isa = PBXBuildFile; fileRef = "TEMP_06252151-9CC8-401F-9682-6317B33B8B71" /* AUDIT_REPORT.md */; };
		5C71A36A2B432388EB8490C8 /* AccountSettingsView.swift in Sources */ = {isa = PBXBuildFile; fileRef = "TEMP_831D8BBF-ED04-400D-A6DC-2D8649A86324" /* AccountSettingsView.swift */; };
		6009205B8B9F6C6E30D66C4F /* TimeMarketView.swift in Sources */ = {isa = PBXBuildFile; fileRef = "TEMP_7811A16D-2960-49D9-BD9D-51525A3376EF" /* TimeMarketView.swift */; };
		637097DB28F60CF58689F153 /* YatzyGameEngine.swift in Sources */ = {isa = PBXBuildFile; fileRef = "TEMP_3C0A6A26-A063-4DD5-9A68-8F387CD34DF7" /* YatzyGameEngine.swift */; };
		726D154007069A8166062668 /* BoardManager.swift in Sources */ = {isa = PBXBuildFile; fileRef = "TEMP_671CBFC5-F88E-48A0-812C-0337EBC278F4" /* BoardManager.swift */; };
		733B4C8E7DBAAC9A95BFAA9D /* ZoneVisual.swift in Sources */ = {isa = PBXBuildFile; fileRef = "TEMP_85558601-C1F6-4F69-A9D4-C67D74BD0B43" /* ZoneVisual.swift */; };
		7675E5092FBB597D93A262C7 /* ZoneOperationsView.swift in Sources */ = {isa = PBXBuildFile; fileRef = "TEMP_F7529886-6609-4291-8DFC-A79EC83D96DE" /* ZoneOperationsView.swift */; };
		79014689260512443BA57735 /* FactionManager.swift in Sources */ = {isa = PBXBuildFile; fileRef = "TEMP_F7094B7A-3F19-432C-A026-194546AFBEDD" /* FactionManager.swift */; };
		7B77BAD332E7C4AC17BAE566 /* LotteryView.swift in Sources */ = {isa = PBXBuildFile; fileRef = "TEMP_695A5944-D03D-4DCC-AA91-103366228368" /* LotteryView.swift */; };
		7D4D34B8379D287FD685F92C /* Boostmanager.swift in Sources */ = {isa = PBXBuildFile; fileRef = "TEMP_56DC8E72-6A2E-4FF8-ACF7-98514CA870C8" /* Boostmanager.swift */; };
		7D66D7C17266CFEC3A3F8671 /* MissionsView.swift in Sources */ = {isa = PBXBuildFile; fileRef = "TEMP_05474105-D7A1-4C39-9D7A-925D8A13DE36" /* MissionsView.swift */; };
		80166382DC500429A956DD75 /* StepBetResultCard.swift in Sources */ = {isa = PBXBuildFile; fileRef = "TEMP_4837C5D6-59BE-4F8B-892F-85BD4E59A7D7" /* StepBetResultCard.swift */; };
		8A9B8A10526FEAC815D9A426 /* ZoneLoreView.swift in Sources */ = {isa = PBXBuildFile; fileRef = "TEMP_04DC585E-EB99-4EBB-A5E9-EB76D490FD3F" /* ZoneLoreView.swift */; };
		8C6F3CDECD6B48BE4BB93316 /* TimingGameView.swift in Sources */ = {isa = PBXBuildFile; fileRef = "TEMP_C6C8A7C0-5FDA-4B0F-8702-FE142A933ADB" /* TimingGameView.swift */; };
		8C7833AF3EABD0C093C5F87E /* BlackjackView.swift in Sources */ = {isa = PBXBuildFile; fileRef = "TEMP_68FC70E4-2A16-4FA3-B176-D139AFA7F3D7" /* BlackjackView.swift */; };
		8DB13B89E9F59195C804DCA4 /* Persistence.swift in Sources */ = {isa = PBXBuildFile; fileRef = "TEMP_3E63A20B-9FC9-46AD-AC2D-66716008A2C9" /* Persistence.swift */; };
		903BC2447E7046B0E27B41F4 /* ServerSync.swift in Sources */ = {isa = PBXBuildFile; fileRef = "TEMP_8BE3AD12-71A5-4FB0-9CE6-981601D19336" /* ServerSync.swift */; };
		93F9868C290B169E76CA1648 /* StepBetView.swift in Sources */ = {isa = PBXBuildFile; fileRef = "TEMP_8733E6A3-C0B9-4ECB-8FE0-F9BC0EEE0D92" /* StepBetView.swift */; };
		95A0A181CE97704E2F4D3953 /* GazetteView.swift in Sources */ = {isa = PBXBuildFile; fileRef = "TEMP_76BBF0D7-7BD5-4A77-A5E5-C391444F6660" /* GazetteView.swift */; };
		95CEF97347FDECA5AE801EF2 /* YatzyGameOverView.swift in Sources */ = {isa = PBXBuildFile; fileRef = "TEMP_708567EC-38BE-40D5-ADFA-A55363330715" /* YatzyGameOverView.swift */; };
		963BBE2CCDB5E32108367542 /* PokerEngine.swift in Sources */ = {isa = PBXBuildFile; fileRef = "TEMP_29BEE930-77D8-4681-B739-8135403B2EBF" /* PokerEngine.swift */; };
		984903450D82F6F2B92557A9 /* BankView.swift in Sources */ = {isa = PBXBuildFile; fileRef = "TEMP_8C5139A0-4314-4185-88B3-C1B588D6FB36" /* BankView.swift */; };
		9B4B3FAD56F6CF097E6416C5 /* RouletteGameView.swift in Sources */ = {isa = PBXBuildFile; fileRef = "TEMP_8874AC91-35D1-43F6-842D-7160F63E4504" /* RouletteGameView.swift */; };
		9EEFC16589C8B0304714258B /* YatzyGameplayView.swift in Sources */ = {isa = PBXBuildFile; fileRef = "TEMP_321C1D4F-ADCD-4C9C-BCCF-755B70F2BBCC" /* YatzyGameplayView.swift */; };
		9FF048CD0AD40DBD0D949A5D /* Intro.swift in Sources */ = {isa = PBXBuildFile; fileRef = "TEMP_C1A80064-AD01-490E-BFDB-84455349BB4C" /* Intro.swift */; };
		A164410BF3626C9FC8A31DE9 /* PokerView.swift in Sources */ = {isa = PBXBuildFile; fileRef = "TEMP_8AEE858F-E497-4F2A-9C1C-E525D3B21BE1" /* PokerView.swift */; };
		A744B7886B92FB6F594B5A22 /* GazetteShareCard.swift in Sources */ = {isa = PBXBuildFile; fileRef = "TEMP_105DB555-21CB-4B37-A852-511B7FFCAB36" /* GazetteShareCard.swift */; };
		AA209B723935E8A15094AECB /* WorldHomeView.swift in Sources */ = {isa = PBXBuildFile; fileRef = "TEMP_F081A44E-1FB6-4FC2-802F-16A3207A7974" /* WorldHomeView.swift */; };
		AD1BCF958FCB4F4E1DE88177 /* CodeBreakerView.swift in Sources */ = {isa = PBXBuildFile; fileRef = "TEMP_86E85AE5-35CC-46D6-9FCF-1A5952D517E5" /* CodeBreakerView.swift */; };
		B2C0D9E34705BB00A063B933 /* DestinationHubs.swift in Sources */ = {isa = PBXBuildFile; fileRef = "TEMP_7FF073F9-F40A-4433-BF3B-BCADCE64FAA2" /* DestinationHubs.swift */; };
		B616D404BC9AD6CAF52C7BBE /* NewsManager.swift in Sources */ = {isa = PBXBuildFile; fileRef = "TEMP_F6AF07B4-3CCE-4574-9B13-EE2F194A7B6B" /* NewsManager.swift */; };
		C00990DB46A3E20C545662AC /* PipeGameView.swift in Sources */ = {isa = PBXBuildFile; fileRef = "TEMP_D290FF86-A3C8-4889-87B6-6602505F8B36" /* PipeGameView.swift */; };
		C0D73823597666753EE344A7 /* ThemeEngine.swift in Sources */ = {isa = PBXBuildFile; fileRef = "TEMP_A940631C-E2C0-4DAB-84C3-C0B43F0ABB40" /* ThemeEngine.swift */; };
		CA06F0DF13BABDE8EA580A51 /* YatzyAILogic.swift in Sources */ = {isa = PBXBuildFile; fileRef = "TEMP_2DA580B1-DDBC-4FD7-A4AE-12CD175CD7A8" /* YatzyAILogic.swift */; };
		CD60F7D300BE192D771AC2D8 /* AdaptiveEngine.swift in Sources */ = {isa = PBXBuildFile; fileRef = "TEMP_70A36A4B-B011-4C1B-B34C-CA4AC23F69E7" /* AdaptiveEngine.swift */; };
		CF2B160478608C8F839ED090 /* AdminPanelView.swift in Sources */ = {isa = PBXBuildFile; fileRef = "TEMP_7B31587D-CF75-4A06-9DEE-13313ABE7203" /* AdminPanelView.swift */; };
		CF919443731B074ABFDBBBFA /* YatzyScorecardView.swift in Sources */ = {isa = PBXBuildFile; fileRef = "TEMP_0D638A3A-D819-429C-A510-4FF9142BE5A6" /* YatzyScorecardView.swift */; };
		CFDE388D5F12942A67039EAA /* NPCMemory.swift in Sources */ = {isa = PBXBuildFile; fileRef = "TEMP_883987EF-2034-48A4-A776-1C329C5961B5" /* NPCMemory.swift */; };
		D11D3A6F079A42945B38860E /* WorkComponents.swift in Sources */ = {isa = PBXBuildFile; fileRef = "TEMP_B0E9E803-C52C-4D21-AD11-D0EDA63FEE10" /* WorkComponents.swift */; };
		D19ACF5178A6C2E546D0DB4E /* ZoneSystems.swift in Sources */ = {isa = PBXBuildFile; fileRef = "TEMP_DB7F635B-7CB5-4EF0-A6B1-5EE08E20D926" /* ZoneSystems.swift */; };
		D1F2114CC02497104EA174C0 /* README.md in Resources */ = {isa = PBXBuildFile; fileRef = "TEMP_74008923-6D3C-4010-9185-C7E134F05335" /* README.md */; };
		D57D39E819EC25314D2FCE33 /* NightMarketView.swift in Sources */ = {isa = PBXBuildFile; fileRef = "TEMP_26ABE0D9-33BD-4FBB-9321-CF44FFEEE622" /* NightMarketView.swift */; };
		D5E70653448FBF6992B3DB4E /* SharedTypes.swift in Sources */ = {isa = PBXBuildFile; fileRef = "TEMP_46F268A8-BFE3-4744-9E7F-F5CC694910E8" /* SharedTypes.swift */; };
		D6008A3347ABE4F0B08E3AED /* HealthKitmanager.swift in Sources */ = {isa = PBXBuildFile; fileRef = "TEMP_91D17718-4B34-4BF8-B203-B75F04C36972" /* HealthKitmanager.swift */; };
		D6862AA49F7D7A35891B0C47 /* LeaderboardView.swift in Sources */ = {isa = PBXBuildFile; fileRef = "TEMP_2EE4AB76-DD1F-4628-A0E0-5D641585BB9E" /* LeaderboardView.swift */; };
		D8EBC5CEB3B0552DF42811D5 /* DeathView.swift in Sources */ = {isa = PBXBuildFile; fileRef = "TEMP_64C80B45-D4A0-4CA5-BF69-9A1BC4791691" /* DeathView.swift */; };
		DC01A10E983AF859E3FEA0D5 /* BombDefuseView.swift in Sources */ = {isa = PBXBuildFile; fileRef = "TEMP_82A8D3F3-7E80-45B3-8935-2BE95163E6C8" /* BombDefuseView.swift */; };
		DEAC1B212EA76F6ABA9A2B90 /* TimeEngine.swift in Sources */ = {isa = PBXBuildFile; fileRef = "TEMP_BC7E8631-0965-481E-807F-C19972BD1D67" /* TimeEngine.swift */; };
		E06561CDE4E5D4B0B99ECA34 /* LifeToken.xcdatamodeld in Sources */ = {isa = PBXBuildFile; fileRef = "TEMP_1CC6550A-8DB3-4E67-BFC7-887DEB520975" /* LifeToken.xcdatamodeld */; };
		E69CD79D98BB5C9E63F6534D /* CrashView.swift in Sources */ = {isa = PBXBuildFile; fileRef = "TEMP_539F18BD-AE01-44DE-8FBF-F8153BAB063B" /* CrashView.swift */; };
		EF3D8FB19CF5ECC9B6C6F8B9 /* SocialView.swift in Sources */ = {isa = PBXBuildFile; fileRef = "TEMP_8D221902-1839-4187-9DD3-D8A77CB66113" /* SocialView.swift */; };
		F14579436A5E7000D87F1EED /* Media.bundle in Resources */ = {isa = PBXBuildFile; fileRef = "TEMP_9AB0D759-8181-46D8-A6B2-9CBF756FE26D" /* Media.bundle */; };
		F3693075734A6C6ED1109185 /* NotificationManager.swift in Sources */ = {isa = PBXBuildFile; fileRef = "TEMP_9B81BD5D-E494-4A1E-AD19-31ADDBAFBD4B" /* NotificationManager.swift */; };
		FA7F0E93BED82A7F43D2714B /* YatzyView.swift in Sources */ = {isa = PBXBuildFile; fileRef = "TEMP_A06F13D8-223E-4004-A10A-BCF8F662FBAD" /* YatzyView.swift */; };
/* End PBXBuildFile section */

/* Begin PBXFileReference section */
		E44913577EBF7F5E080E37C1 /* ci.yml */ = {isa = PBXFileReference; lastKnownFileType = text.yaml; path = ci.yml; sourceTree = "<group>"; };
		E8C9DED541B2CCB44CDD620F /* LifeToken.app */ = {isa = PBXFileReference; includeInIndex = 0; lastKnownFileType = wrapper.application; path = LifeToken.app; sourceTree = BUILT_PRODUCTS_DIR; };
		"TEMP_04DC585E-EB99-4EBB-A5E9-EB76D490FD3F" /* ZoneLoreView.swift */ = {isa = PBXFileReference; lastKnownFileType = sourcecode.swift; path = ZoneLoreView.swift; sourceTree = "<group>"; };
		"TEMP_05474105-D7A1-4C39-9D7A-925D8A13DE36" /* MissionsView.swift */ = {isa = PBXFileReference; lastKnownFileType = sourcecode.swift; path = MissionsView.swift; sourceTree = "<group>"; };
		"TEMP_06252151-9CC8-401F-9682-6317B33B8B71" /* AUDIT_REPORT.md */ = {isa = PBXFileReference; lastKnownFileType = net.daringfireball.markdown; path = AUDIT_REPORT.md; sourceTree = "<group>"; };
		"TEMP_06E05DD4-4795-454D-B20A-BC86B4E530A2" /* BehaviorTracker.swift */ = {isa = PBXFileReference; lastKnownFileType = sourcecode.swift; path = BehaviorTracker.swift; sourceTree = "<group>"; };
		"TEMP_0BEA88DA-15D5-443A-899D-9584E43F9926" /* ZoneManager.swift */ = {isa = PBXFileReference; lastKnownFileType = sourcecode.swift; path = ZoneManager.swift; sourceTree = "<group>"; };
		"TEMP_0D638A3A-D819-429C-A510-4FF9142BE5A6" /* YatzyScorecardView.swift */ = {isa = PBXFileReference; lastKnownFileType = sourcecode.swift; path = YatzyScorecardView.swift; sourceTree = "<group>"; };
		"TEMP_105DB555-21CB-4B37-A852-511B7FFCAB36" /* GazetteShareCard.swift */ = {isa = PBXFileReference; lastKnownFileType = sourcecode.swift; path = GazetteShareCard.swift; sourceTree = "<group>"; };
		"TEMP_168B9B6D-47DD-4630-B77A-5529B891ED86" /* ZoneProfile.swift */ = {isa = PBXFileReference; lastKnownFileType = sourcecode.swift; path = ZoneProfile.swift; sourceTree = "<group>"; };
		"TEMP_1CB9058E-3D16-40AE-8688-36FD30DA72BA" /* LifeToken.entitlements */ = {isa = PBXFileReference; lastKnownFileType = text.plist.entitlements; path = LifeToken.entitlements; sourceTree = "<group>"; };
		"TEMP_20B52239-4F8F-44F7-B388-712C188E9D45" /* YatzyPlayerView.swift */ = {isa = PBXFileReference; lastKnownFileType = sourcecode.swift; path = YatzyPlayerView.swift; sourceTree = "<group>"; };
		"TEMP_22903D48-824E-470A-953E-124A17F39856" /* ZoneLore.swift */ = {isa = PBXFileReference; lastKnownFileType = sourcecode.swift; path = ZoneLore.swift; sourceTree = "<group>"; };
		"TEMP_23524FE6-6F28-4824-851A-84E16583E7A8" /* GameState.swift */ = {isa = PBXFileReference; lastKnownFileType = sourcecode.swift; path = GameState.swift; sourceTree = "<group>"; };
		"TEMP_26ABE0D9-33BD-4FBB-9321-CF44FFEEE622" /* NightMarketView.swift */ = {isa = PBXFileReference; lastKnownFileType = sourcecode.swift; path = NightMarketView.swift; sourceTree = "<group>"; };
		"TEMP_29BEE930-77D8-4681-B739-8135403B2EBF" /* PokerEngine.swift */ = {isa = PBXFileReference; lastKnownFileType = sourcecode.swift; path = PokerEngine.swift; sourceTree = "<group>"; };
		"TEMP_2B3EDC38-99E1-40E2-999F-B3A48D20949F" /* MultiplayerYatzyView.swift */ = {isa = PBXFileReference; lastKnownFileType = sourcecode.swift; path = MultiplayerYatzyView.swift; sourceTree = "<group>"; };
		"TEMP_2DA580B1-DDBC-4FD7-A4AE-12CD175CD7A8" /* YatzyAILogic.swift */ = {isa = PBXFileReference; lastKnownFileType = sourcecode.swift; path = YatzyAILogic.swift; sourceTree = "<group>"; };
		"TEMP_2EE4AB76-DD1F-4628-A0E0-5D641585BB9E" /* LeaderboardView.swift */ = {isa = PBXFileReference; lastKnownFileType = sourcecode.swift; path = LeaderboardView.swift; sourceTree = "<group>"; };
		"TEMP_321C1D4F-ADCD-4C9C-BCCF-755B70F2BBCC" /* YatzyGameplayView.swift */ = {isa = PBXFileReference; lastKnownFileType = sourcecode.swift; path = YatzyGameplayView.swift; sourceTree = "<group>"; };
		"TEMP_332D8722-03E3-4548-B6E6-D9DC603A959F" /* PvPRaidView.swift */ = {isa = PBXFileReference; lastKnownFileType = sourcecode.swift; path = PvPRaidView.swift; sourceTree = "<group>"; };
		"TEMP_3634729F-39CC-47DC-AE12-8B730C8753C1" /* InTimeClockView.swift */ = {isa = PBXFileReference; lastKnownFileType = sourcecode.swift; path = InTimeClockView.swift; sourceTree = "<group>"; };
		"TEMP_3C0A6A26-A063-4DD5-9A68-8F387CD34DF7" /* YatzyGameEngine.swift */ = {isa = PBXFileReference; lastKnownFileType = sourcecode.swift; path = YatzyGameEngine.swift; sourceTree = "<group>"; };
		"TEMP_3E63A20B-9FC9-46AD-AC2D-66716008A2C9" /* Persistence.swift */ = {isa = PBXFileReference; lastKnownFileType = sourcecode.swift; path = Persistence.swift; sourceTree = "<group>"; };
		"TEMP_46F268A8-BFE3-4744-9E7F-F5CC694910E8" /* SharedTypes.swift */ = {isa = PBXFileReference; lastKnownFileType = sourcecode.swift; path = SharedTypes.swift; sourceTree = "<group>"; };
		"TEMP_4837C5D6-59BE-4F8B-892F-85BD4E59A7D7" /* StepBetResultCard.swift */ = {isa = PBXFileReference; lastKnownFileType = sourcecode.swift; path = StepBetResultCard.swift; sourceTree = "<group>"; };
		"TEMP_50110CA9-64B6-4945-A24E-B98FAACE8899" /* LifeTokenApp.swift */ = {isa = PBXFileReference; lastKnownFileType = sourcecode.swift; path = LifeTokenApp.swift; sourceTree = "<group>"; };
		"TEMP_50240F36-043B-49FB-892E-54FA25C2F636" /* DesignSystem.swift */ = {isa = PBXFileReference; lastKnownFileType = sourcecode.swift; path = DesignSystem.swift; sourceTree = "<group>"; };
		"TEMP_539F18BD-AE01-44DE-8FBF-F8153BAB063B" /* CrashView.swift */ = {isa = PBXFileReference; lastKnownFileType = sourcecode.swift; path = CrashView.swift; sourceTree = "<group>"; };
		"TEMP_56DC8E72-6A2E-4FF8-ACF7-98514CA870C8" /* Boostmanager.swift */ = {isa = PBXFileReference; lastKnownFileType = sourcecode.swift; path = Boostmanager.swift; sourceTree = "<group>"; };
		"TEMP_5E17410A-F50C-4674-AB5B-85ECD888E4AE" /* ZoneUpgradeFlash.swift */ = {isa = PBXFileReference; lastKnownFileType = sourcecode.swift; path = ZoneUpgradeFlash.swift; sourceTree = "<group>"; };
		"TEMP_62FF38B2-8730-4345-A58B-976F10139E43" /* PrivacyInfo.xcprivacy */ = {isa = PBXFileReference; path = PrivacyInfo.xcprivacy; sourceTree = "<group>"; };
		"TEMP_649B61AA-1650-4C4A-9371-6EA50657669C" /* InvestmentView.swift */ = {isa = PBXFileReference; lastKnownFileType = sourcecode.swift; path = InvestmentView.swift; sourceTree = "<group>"; };
		"TEMP_64C80B45-D4A0-4CA5-BF69-9A1BC4791691" /* DeathView.swift */ = {isa = PBXFileReference; lastKnownFileType = sourcecode.swift; path = DeathView.swift; sourceTree = "<group>"; };
		"TEMP_671CBFC5-F88E-48A0-812C-0337EBC278F4" /* BoardManager.swift */ = {isa = PBXFileReference; lastKnownFileType = sourcecode.swift; path = BoardManager.swift; sourceTree = "<group>"; };
		"TEMP_68FC70E4-2A16-4FA3-B176-D139AFA7F3D7" /* BlackjackView.swift */ = {isa = PBXFileReference; lastKnownFileType = sourcecode.swift; path = BlackjackView.swift; sourceTree = "<group>"; };
		"TEMP_695A5944-D03D-4DCC-AA91-103366228368" /* LotteryView.swift */ = {isa = PBXFileReference; lastKnownFileType = sourcecode.swift; path = LotteryView.swift; sourceTree = "<group>"; };
		"TEMP_704316FB-C087-4AFA-93D0-8977E1842293" /* IncomeManager.swift */ = {isa = PBXFileReference; lastKnownFileType = sourcecode.swift; path = IncomeManager.swift; sourceTree = "<group>"; };
		"TEMP_708567EC-38BE-40D5-ADFA-A55363330715" /* YatzyGameOverView.swift */ = {isa = PBXFileReference; lastKnownFileType = sourcecode.swift; path = YatzyGameOverView.swift; sourceTree = "<group>"; };
		"TEMP_70A36A4B-B011-4C1B-B34C-CA4AC23F69E7" /* AdaptiveEngine.swift */ = {isa = PBXFileReference; lastKnownFileType = sourcecode.swift; path = AdaptiveEngine.swift; sourceTree = "<group>"; };
		"TEMP_72CE48D2-71FC-413C-A61D-6A825E448C00" /* Assets.xcassets */ = {isa = PBXFileReference; lastKnownFileType = folder.assetcatalog; path = Assets.xcassets; sourceTree = "<group>"; };
		"TEMP_74008923-6D3C-4010-9185-C7E134F05335" /* README.md */ = {isa = PBXFileReference; lastKnownFileType = net.daringfireball.markdown; path = README.md; sourceTree = "<group>"; };
		"TEMP_75BD64A7-2C0A-4D84-843A-0C802ABB86B7" /* YatzyLobbyView.swift */ = {isa = PBXFileReference; lastKnownFileType = sourcecode.swift; path = YatzyLobbyView.swift; sourceTree = "<group>"; };
		"TEMP_76BBF0D7-7BD5-4A77-A5E5-C391444F6660" /* GazetteView.swift */ = {isa = PBXFileReference; lastKnownFileType = sourcecode.swift; path = GazetteView.swift; sourceTree = "<group>"; };
		"TEMP_7811A16D-2960-49D9-BD9D-51525A3376EF" /* TimeMarketView.swift */ = {isa = PBXFileReference; lastKnownFileType = sourcecode.swift; path = TimeMarketView.swift; sourceTree = "<group>"; };
		"TEMP_7B31587D-CF75-4A06-9DEE-13313ABE7203" /* AdminPanelView.swift */ = {isa = PBXFileReference; lastKnownFileType = sourcecode.swift; path = AdminPanelView.swift; sourceTree = "<group>"; };
		"TEMP_7FF073F9-F40A-4433-BF3B-BCADCE64FAA2" /* DestinationHubs.swift */ = {isa = PBXFileReference; lastKnownFileType = sourcecode.swift; path = DestinationHubs.swift; sourceTree = "<group>"; };
		"TEMP_82A8D3F3-7E80-45B3-8935-2BE95163E6C8" /* BombDefuseView.swift */ = {isa = PBXFileReference; lastKnownFileType = sourcecode.swift; path = BombDefuseView.swift; sourceTree = "<group>"; };
		"TEMP_831D8BBF-ED04-400D-A6DC-2D8649A86324" /* AccountSettingsView.swift */ = {isa = PBXFileReference; lastKnownFileType = sourcecode.swift; path = AccountSettingsView.swift; sourceTree = "<group>"; };
		"TEMP_85558601-C1F6-4F69-A9D4-C67D74BD0B43" /* ZoneVisual.swift */ = {isa = PBXFileReference; lastKnownFileType = sourcecode.swift; path = ZoneVisual.swift; sourceTree = "<group>"; };
		"TEMP_85964D2A-815F-4213-A835-8A8A80BC4C95" /* SocialTransferViews.swift */ = {isa = PBXFileReference; lastKnownFileType = sourcecode.swift; path = SocialTransferViews.swift; sourceTree = "<group>"; };
		"TEMP_86E85AE5-35CC-46D6-9FCF-1A5952D517E5" /* CodeBreakerView.swift */ = {isa = PBXFileReference; lastKnownFileType = sourcecode.swift; path = CodeBreakerView.swift; sourceTree = "<group>"; };
		"TEMP_8733E6A3-C0B9-4ECB-8FE0-F9BC0EEE0D92" /* StepBetView.swift */ = {isa = PBXFileReference; lastKnownFileType = sourcecode.swift; path = StepBetView.swift; sourceTree = "<group>"; };
		"TEMP_883987EF-2034-48A4-A776-1C329C5961B5" /* NPCMemory.swift */ = {isa = PBXFileReference; lastKnownFileType = sourcecode.swift; path = NPCMemory.swift; sourceTree = "<group>"; };
		"TEMP_8874AC91-35D1-43F6-842D-7160F63E4504" /* RouletteGameView.swift */ = {isa = PBXFileReference; lastKnownFileType = sourcecode.swift; path = RouletteGameView.swift; sourceTree = "<group>"; };
		"TEMP_8A365A4D-EB05-4012-AA6E-C6C42AA45FC5" /* ContentView.swift */ = {isa = PBXFileReference; lastKnownFileType = sourcecode.swift; path = ContentView.swift; sourceTree = "<group>"; };
		"TEMP_8AEE858F-E497-4F2A-9C1C-E525D3B21BE1" /* PokerView.swift */ = {isa = PBXFileReference; lastKnownFileType = sourcecode.swift; path = PokerView.swift; sourceTree = "<group>"; };
		"TEMP_8BE3AD12-71A5-4FB0-9CE6-981601D19336" /* ServerSync.swift */ = {isa = PBXFileReference; lastKnownFileType = sourcecode.swift; path = ServerSync.swift; sourceTree = "<group>"; };
		"TEMP_8C5139A0-4314-4185-88B3-C1B588D6FB36" /* BankView.swift */ = {isa = PBXFileReference; lastKnownFileType = sourcecode.swift; path = BankView.swift; sourceTree = "<group>"; };
		"TEMP_8D221902-1839-4187-9DD3-D8A77CB66113" /* SocialView.swift */ = {isa = PBXFileReference; lastKnownFileType = sourcecode.swift; path = SocialView.swift; sourceTree = "<group>"; };
		"TEMP_8E027BAA-5153-47C2-86D1-E448523A997D" /* EventEngine.swift */ = {isa = PBXFileReference; lastKnownFileType = sourcecode.swift; path = EventEngine.swift; sourceTree = "<group>"; };
		"TEMP_91D17718-4B34-4BF8-B203-B75F04C36972" /* HealthKitmanager.swift */ = {isa = PBXFileReference; lastKnownFileType = sourcecode.swift; path = HealthKitmanager.swift; sourceTree = "<group>"; };
		"TEMP_9AB0D759-8181-46D8-A6B2-9CBF756FE26D" /* Media.bundle */ = {isa = PBXFileReference; lastKnownFileType = wrapper.cfbundle; path = Media.bundle; sourceTree = "<group>"; };
		"TEMP_9B81BD5D-E494-4A1E-AD19-31ADDBAFBD4B" /* NotificationManager.swift */ = {isa = PBXFileReference; lastKnownFileType = sourcecode.swift; path = NotificationManager.swift; sourceTree = "<group>"; };
		"TEMP_9ED7DA07-1BD5-4AB8-88D1-F5282BEE93A3" /* WorkView.swift */ = {isa = PBXFileReference; lastKnownFileType = sourcecode.swift; path = WorkView.swift; sourceTree = "<group>"; };
		"TEMP_A06F13D8-223E-4004-A10A-BCF8F662FBAD" /* YatzyView.swift */ = {isa = PBXFileReference; lastKnownFileType = sourcecode.swift; path = YatzyView.swift; sourceTree = "<group>"; };
		"TEMP_A940631C-E2C0-4DAB-84C3-C0B43F0ABB40" /* ThemeEngine.swift */ = {isa = PBXFileReference; lastKnownFileType = sourcecode.swift; path = ThemeEngine.swift; sourceTree = "<group>"; };
		"TEMP_B0E9E803-C52C-4D21-AD11-D0EDA63FEE10" /* WorkComponents.swift */ = {isa = PBXFileReference; lastKnownFileType = sourcecode.swift; path = WorkComponents.swift; sourceTree = "<group>"; };
		"TEMP_B7A53581-08D7-42F1-A80D-24DB676C6A09" /* CasinoHubView.swift */ = {isa = PBXFileReference; lastKnownFileType = sourcecode.swift; path = CasinoHubView.swift; sourceTree = "<group>"; };
		"TEMP_BC4FF1A3-6FBB-44FF-86A3-E67D32D468AA" /* .gitattributes */ = {isa = PBXFileReference; path = .gitattributes; sourceTree = "<group>"; };
		"TEMP_BC7E8631-0965-481E-807F-C19972BD1D67" /* TimeEngine.swift */ = {isa = PBXFileReference; lastKnownFileType = sourcecode.swift; path = TimeEngine.swift; sourceTree = "<group>"; };
		"TEMP_C1A80064-AD01-490E-BFDB-84455349BB4C" /* Intro.swift */ = {isa = PBXFileReference; lastKnownFileType = sourcecode.swift; path = Intro.swift; sourceTree = "<group>"; };
		"TEMP_C6C8A7C0-5FDA-4B0F-8702-FE142A933ADB" /* TimingGameView.swift */ = {isa = PBXFileReference; lastKnownFileType = sourcecode.swift; path = TimingGameView.swift; sourceTree = "<group>"; };
		"TEMP_D290FF86-A3C8-4889-87B6-6602505F8B36" /* PipeGameView.swift */ = {isa = PBXFileReference; lastKnownFileType = sourcecode.swift; path = PipeGameView.swift; sourceTree = "<group>"; };
		"TEMP_DB22CF14-2D33-4AAF-90EC-C3B3C908777D" /* InflationManager.swift */ = {isa = PBXFileReference; lastKnownFileType = sourcecode.swift; path = InflationManager.swift; sourceTree = "<group>"; };
		"TEMP_DB7F635B-7CB5-4EF0-A6B1-5EE08E20D926" /* ZoneSystems.swift */ = {isa = PBXFileReference; lastKnownFileType = sourcecode.swift; path = ZoneSystems.swift; sourceTree = "<group>"; };
		"TEMP_DBC97CCA-74A8-4AEE-B151-C658082E23F4" /* Roulette.swift */ = {isa = PBXFileReference; lastKnownFileType = sourcecode.swift; path = Roulette.swift; sourceTree = "<group>"; };
		"TEMP_DD534938-3650-4778-ABB4-AF3BF2D48C9B" /* SortingGameView.swift */ = {isa = PBXFileReference; lastKnownFileType = sourcecode.swift; path = SortingGameView.swift; sourceTree = "<group>"; };
		"TEMP_E04F49DB-1373-421F-91F3-351A30E8FE03" /* CryoSleepOverlay.swift */ = {isa = PBXFileReference; lastKnownFileType = sourcecode.swift; path = CryoSleepOverlay.swift; sourceTree = "<group>"; };
		"TEMP_E575C0C8-6637-40F4-A86F-2E4F84E8C0BE" /* MiniJobsView.swift */ = {isa = PBXFileReference; lastKnownFileType = sourcecode.swift; path = MiniJobsView.swift; sourceTree = "<group>"; };
		"TEMP_ED937E48-4191-47E1-8EE3-B1AE395190A3" /* OnboardingEngine.swift */ = {isa = PBXFileReference; lastKnownFileType = sourcecode.swift; path = OnboardingEngine.swift; sourceTree = "<group>"; };
		"TEMP_F01B9A16-A37A-439C-ADD1-F7E669482196" /* CasinoParticleView.swift */ = {isa = PBXFileReference; lastKnownFileType = sourcecode.swift; path = CasinoParticleView.swift; sourceTree = "<group>"; };
		"TEMP_F081A44E-1FB6-4FC2-802F-16A3207A7974" /* WorldHomeView.swift */ = {isa = PBXFileReference; lastKnownFileType = sourcecode.swift; path = WorldHomeView.swift; sourceTree = "<group>"; };
		"TEMP_F4F697EE-18C0-4898-93A8-8E46079786F6" /* LifeToken.xcdatamodel */ = {isa = PBXFileReference; lastKnownFileType = wrapper.xcdatamodel; path = LifeToken.xcdatamodel; sourceTree = "<group>"; };
		"TEMP_F6AF07B4-3CCE-4574-9B13-EE2F194A7B6B" /* NewsManager.swift */ = {isa = PBXFileReference; lastKnownFileType = sourcecode.swift; path = NewsManager.swift; sourceTree = "<group>"; };
		"TEMP_F6EBBEC0-1C11-4056-A958-1A6743912C4F" /* Info.plist */ = {isa = PBXFileReference; lastKnownFileType = text.plist; path = Info.plist; sourceTree = "<group>"; };
		"TEMP_F7094B7A-3F19-432C-A026-194546AFBEDD" /* FactionManager.swift */ = {isa = PBXFileReference; lastKnownFileType = sourcecode.swift; path = FactionManager.swift; sourceTree = "<group>"; };
		"TEMP_F7529886-6609-4291-8DFC-A79EC83D96DE" /* ZoneOperationsView.swift */ = {isa = PBXFileReference; lastKnownFileType = sourcecode.swift; path = ZoneOperationsView.swift; sourceTree = "<group>"; };
		"TEMP_FCE904C8-F6BA-4CD6-9572-29360183A2AA" /* FactionView.swift */ = {isa = PBXFileReference; lastKnownFileType = sourcecode.swift; path = FactionView.swift; sourceTree = "<group>"; };
/* End PBXFileReference section */

/* Begin PBXGroup section */
		84F5211A0ABDBB522F50A7D6 = {
			isa = PBXGroup;
			children = (
				CA21D7AB6D5D1BC5C02D0004 /* .github */,
				9EF86BE57D204E0B621DF602 /* Products */,
			);
			sourceTree = "<group>";
		};
		9EF86BE57D204E0B621DF602 /* Products */ = {
			isa = PBXGroup;
			children = (
				E8C9DED541B2CCB44CDD620F /* LifeToken.app */,
			);
			name = Products;
			sourceTree = "<group>";
		};
		A06FBC1D56EBC737D080983A /* workflows */ = {
			isa = PBXGroup;
			children = (
				E44913577EBF7F5E080E37C1 /* ci.yml */,
			);
			path = workflows;
			sourceTree = "<group>";
		};
		CA21D7AB6D5D1BC5C02D0004 /* .github */ = {
			isa = PBXGroup;
			children = (
				A06FBC1D56EBC737D080983A /* workflows */,
			);
			path = .github;
			sourceTree = "<group>";
		};
		"TEMP_FE2470D2-A993-4B5C-A054-8B2EDF1B2E5C" /* . */ = {
			isa = PBXGroup;
			children = (
				"TEMP_9ED7DA07-1BD5-4AB8-88D1-F5282BEE93A3" /* WorkView.swift */,
				"TEMP_5E17410A-F50C-4674-AB5B-85ECD888E4AE" /* ZoneUpgradeFlash.swift */,
				"TEMP_DB7F635B-7CB5-4EF0-A6B1-5EE08E20D926" /* ZoneSystems.swift */,
				"TEMP_64C80B45-D4A0-4CA5-BF69-9A1BC4791691" /* DeathView.swift */,
				"TEMP_06E05DD4-4795-454D-B20A-BC86B4E530A2" /* BehaviorTracker.swift */,
				"TEMP_8874AC91-35D1-43F6-842D-7160F63E4504" /* RouletteGameView.swift */,
				"TEMP_7B31587D-CF75-4A06-9DEE-13313ABE7203" /* AdminPanelView.swift */,
				"TEMP_F7094B7A-3F19-432C-A026-194546AFBEDD" /* FactionManager.swift */,
				"TEMP_C6C8A7C0-5FDA-4B0F-8702-FE142A933ADB" /* TimingGameView.swift */,
				"TEMP_0D638A3A-D819-429C-A510-4FF9142BE5A6" /* YatzyScorecardView.swift */,
				"TEMP_695A5944-D03D-4DCC-AA91-103366228368" /* LotteryView.swift */,
				"TEMP_75BD64A7-2C0A-4D84-843A-0C802ABB86B7" /* YatzyLobbyView.swift */,
				"TEMP_F01B9A16-A37A-439C-ADD1-F7E669482196" /* CasinoParticleView.swift */,
				"TEMP_BC7E8631-0965-481E-807F-C19972BD1D67" /* TimeEngine.swift */,
				"TEMP_8AEE858F-E497-4F2A-9C1C-E525D3B21BE1" /* PokerView.swift */,
				"TEMP_70A36A4B-B011-4C1B-B34C-CA4AC23F69E7" /* AdaptiveEngine.swift */,
				"TEMP_3E63A20B-9FC9-46AD-AC2D-66716008A2C9" /* Persistence.swift */,
				"TEMP_F081A44E-1FB6-4FC2-802F-16A3207A7974" /* WorldHomeView.swift */,
				"TEMP_2EE4AB76-DD1F-4628-A0E0-5D641585BB9E" /* LeaderboardView.swift */,
				"TEMP_9B81BD5D-E494-4A1E-AD19-31ADDBAFBD4B" /* NotificationManager.swift */,
				"TEMP_A06F13D8-223E-4004-A10A-BCF8F662FBAD" /* YatzyView.swift */,
				"TEMP_72CE48D2-71FC-413C-A61D-6A825E448C00" /* Assets.xcassets */,
				"TEMP_8E027BAA-5153-47C2-86D1-E448523A997D" /* EventEngine.swift */,
				"TEMP_82A8D3F3-7E80-45B3-8935-2BE95163E6C8" /* BombDefuseView.swift */,
				"TEMP_FCE904C8-F6BA-4CD6-9572-29360183A2AA" /* FactionView.swift */,
				"TEMP_DB22CF14-2D33-4AAF-90EC-C3B3C908777D" /* InflationManager.swift */,
				"TEMP_708567EC-38BE-40D5-ADFA-A55363330715" /* YatzyGameOverView.swift */,
				"TEMP_50240F36-043B-49FB-892E-54FA25C2F636" /* DesignSystem.swift */,
				"TEMP_A940631C-E2C0-4DAB-84C3-C0B43F0ABB40" /* ThemeEngine.swift */,
				"TEMP_86E85AE5-35CC-46D6-9FCF-1A5952D517E5" /* CodeBreakerView.swift */,
				"TEMP_D290FF86-A3C8-4889-87B6-6602505F8B36" /* PipeGameView.swift */,
				"TEMP_831D8BBF-ED04-400D-A6DC-2D8649A86324" /* AccountSettingsView.swift */,
				"TEMP_20B52239-4F8F-44F7-B388-712C188E9D45" /* YatzyPlayerView.swift */,
				"TEMP_85558601-C1F6-4F69-A9D4-C67D74BD0B43" /* ZoneVisual.swift */,
				"TEMP_B0E9E803-C52C-4D21-AD11-D0EDA63FEE10" /* WorkComponents.swift */,
				"TEMP_B7A53581-08D7-42F1-A80D-24DB676C6A09" /* CasinoHubView.swift */,
				"TEMP_74008923-6D3C-4010-9185-C7E134F05335" /* README.md */,
				"TEMP_56DC8E72-6A2E-4FF8-ACF7-98514CA870C8" /* Boostmanager.swift */,
				"TEMP_DD534938-3650-4778-ABB4-AF3BF2D48C9B" /* SortingGameView.swift */,
				"TEMP_7811A16D-2960-49D9-BD9D-51525A3376EF" /* TimeMarketView.swift */,
				"TEMP_9AB0D759-8181-46D8-A6B2-9CBF756FE26D" /* Media.bundle */,
				"TEMP_22903D48-824E-470A-953E-124A17F39856" /* ZoneLore.swift */,
				"TEMP_332D8722-03E3-4548-B6E6-D9DC603A959F" /* PvPRaidView.swift */,
				"TEMP_168B9B6D-47DD-4630-B77A-5529B891ED86" /* ZoneProfile.swift */,
				"TEMP_85964D2A-815F-4213-A835-8A8A80BC4C95" /* SocialTransferViews.swift */,
				"TEMP_8733E6A3-C0B9-4ECB-8FE0-F9BC0EEE0D92" /* StepBetView.swift */,
				"TEMP_C1A80064-AD01-490E-BFDB-84455349BB4C" /* Intro.swift */,
				"TEMP_ED937E48-4191-47E1-8EE3-B1AE395190A3" /* OnboardingEngine.swift */,
				"TEMP_2DA580B1-DDBC-4FD7-A4AE-12CD175CD7A8" /* YatzyAILogic.swift */,
				"TEMP_3634729F-39CC-47DC-AE12-8B730C8753C1" /* InTimeClockView.swift */,
				"TEMP_7FF073F9-F40A-4433-BF3B-BCADCE64FAA2" /* DestinationHubs.swift */,
				"TEMP_29BEE930-77D8-4681-B739-8135403B2EBF" /* PokerEngine.swift */,
				"TEMP_883987EF-2034-48A4-A776-1C329C5961B5" /* NPCMemory.swift */,
				"TEMP_06252151-9CC8-401F-9682-6317B33B8B71" /* AUDIT_REPORT.md */,
				"TEMP_62FF38B2-8730-4345-A58B-976F10139E43" /* PrivacyInfo.xcprivacy */,
				"TEMP_BC4FF1A3-6FBB-44FF-86A3-E67D32D468AA" /* .gitattributes */,
				"TEMP_105DB555-21CB-4B37-A852-511B7FFCAB36" /* GazetteShareCard.swift */,
				"TEMP_3C0A6A26-A063-4DD5-9A68-8F387CD34DF7" /* YatzyGameEngine.swift */,
				"TEMP_1CC6550A-8DB3-4E67-BFC7-887DEB520975" /* LifeToken.xcdatamodeld */,
				"TEMP_23524FE6-6F28-4824-851A-84E16583E7A8" /* GameState.swift */,
				"TEMP_91D17718-4B34-4BF8-B203-B75F04C36972" /* HealthKitmanager.swift */,
				"TEMP_26ABE0D9-33BD-4FBB-9321-CF44FFEEE622" /* NightMarketView.swift */,
				"TEMP_671CBFC5-F88E-48A0-812C-0337EBC278F4" /* BoardManager.swift */,
				"TEMP_649B61AA-1650-4C4A-9371-6EA50657669C" /* InvestmentView.swift */,
				"TEMP_46F268A8-BFE3-4744-9E7F-F5CC694910E8" /* SharedTypes.swift */,
				"TEMP_8C5139A0-4314-4185-88B3-C1B588D6FB36" /* BankView.swift */,
				"TEMP_50110CA9-64B6-4945-A24E-B98FAACE8899" /* LifeTokenApp.swift */,
				"TEMP_F7529886-6609-4291-8DFC-A79EC83D96DE" /* ZoneOperationsView.swift */,
				"TEMP_8D221902-1839-4187-9DD3-D8A77CB66113" /* SocialView.swift */,
				"TEMP_68FC70E4-2A16-4FA3-B176-D139AFA7F3D7" /* BlackjackView.swift */,
				"TEMP_539F18BD-AE01-44DE-8FBF-F8153BAB063B" /* CrashView.swift */,
				"TEMP_76BBF0D7-7BD5-4A77-A5E5-C391444F6660" /* GazetteView.swift */,
				"TEMP_E575C0C8-6637-40F4-A86F-2E4F84E8C0BE" /* MiniJobsView.swift */,
				"TEMP_704316FB-C087-4AFA-93D0-8977E1842293" /* IncomeManager.swift */,
				"TEMP_05474105-D7A1-4C39-9D7A-925D8A13DE36" /* MissionsView.swift */,
				"TEMP_0BEA88DA-15D5-443A-899D-9584E43F9926" /* ZoneManager.swift */,
				"TEMP_4837C5D6-59BE-4F8B-892F-85BD4E59A7D7" /* StepBetResultCard.swift */,
				"TEMP_04DC585E-EB99-4EBB-A5E9-EB76D490FD3F" /* ZoneLoreView.swift */,
				"TEMP_F6AF07B4-3CCE-4574-9B13-EE2F194A7B6B" /* NewsManager.swift */,
				"TEMP_2B3EDC38-99E1-40E2-999F-B3A48D20949F" /* MultiplayerYatzyView.swift */,
				"TEMP_8A365A4D-EB05-4012-AA6E-C6C42AA45FC5" /* ContentView.swift */,
				"TEMP_E04F49DB-1373-421F-91F3-351A30E8FE03" /* CryoSleepOverlay.swift */,
				"TEMP_321C1D4F-ADCD-4C9C-BCCF-755B70F2BBCC" /* YatzyGameplayView.swift */,
				"TEMP_F6EBBEC0-1C11-4056-A958-1A6743912C4F" /* Info.plist */,
				"TEMP_DBC97CCA-74A8-4AEE-B151-C658082E23F4" /* Roulette.swift */,
				"TEMP_8BE3AD12-71A5-4FB0-9CE6-981601D19336" /* ServerSync.swift */,
				"TEMP_1CB9058E-3D16-40AE-8688-36FD30DA72BA" /* LifeToken.entitlements */,
				CA21D7AB6D5D1BC5C02D0004 /* .github */,
			);
			name = .;
			path = .;
			sourceTree = "<group>";
		};
/* End PBXGroup section */

/* Begin PBXNativeTarget section */
		D695394B5927FED8088E7656 /* LifeToken */ = {
			isa = PBXNativeTarget;
			buildConfigurationList = 9C6B38F742D94AEE79495D15 /* Build configuration list for PBXNativeTarget "LifeToken" */;
			buildPhases = (
				BE67757F59E9A122CD43E151 /* Sources */,
				6998C677A1767E0F0FB7D815 /* Resources */,
			);
			buildRules = (
			);
			dependencies = (
			);
			name = LifeToken;
			packageProductDependencies = (
			);
			productName = LifeToken;
			productReference = E8C9DED541B2CCB44CDD620F /* LifeToken.app */;
			productType = "com.apple.product-type.application";
		};
/* End PBXNativeTarget section */

/* Begin PBXProject section */
		3EEEBCD3EE31724B57E67BAC /* Project object */ = {
			isa = PBXProject;
			attributes = {
				BuildIndependentTargetsInParallel = YES;
				LastUpgradeCheck = 1430;
				TargetAttributes = {
					D695394B5927FED8088E7656 = {
						DevelopmentTeam = G648H762LD;
						ProvisioningStyle = Automatic;
					};
				};
			};
			buildConfigurationList = D7AB0A064B47689892109D23 /* Build configuration list for PBXProject "LifeToken" */;
			developmentRegion = en;
			hasScannedForEncodings = 0;
			knownRegions = (
				Base,
				en,
			);
			mainGroup = 84F5211A0ABDBB522F50A7D6;
			minimizedProjectReferenceProxies = 1;
			preferredProjectObjectVersion = 77;
			productRefGroup = 9EF86BE57D204E0B621DF602 /* Products */;
			projectDirPath = "";
			projectRoot = "";
			targets = (
				D695394B5927FED8088E7656 /* LifeToken */,
			);
		};
/* End PBXProject section */

/* Begin PBXResourcesBuildPhase section */
		6998C677A1767E0F0FB7D815 /* Resources */ = {
			isa = PBXResourcesBuildPhase;
			buildActionMask = 2147483647;
			files = (
				58AEFB1E1BEBAA5E09215D2B /* AUDIT_REPORT.md in Resources */,
				19233F17A50A74AFC197F71C /* Assets.xcassets in Resources */,
				F14579436A5E7000D87F1EED /* Media.bundle in Resources */,
				452B145CC037910C1F1E4A77 /* PrivacyInfo.xcprivacy in Resources */,
				D1F2114CC02497104EA174C0 /* README.md in Resources */,
				25E0E2B2F78541FBB07CF75A /* ci.yml in Resources */,
			);
			runOnlyForDeploymentPostprocessing = 0;
		};
/* End PBXResourcesBuildPhase section */

/* Begin PBXSourcesBuildPhase section */
		BE67757F59E9A122CD43E151 /* Sources */ = {
			isa = PBXSourcesBuildPhase;
			buildActionMask = 2147483647;
			files = (
				5C71A36A2B432388EB8490C8 /* AccountSettingsView.swift in Sources */,
				CD60F7D300BE192D771AC2D8 /* AdaptiveEngine.swift in Sources */,
				CF2B160478608C8F839ED090 /* AdminPanelView.swift in Sources */,
				984903450D82F6F2B92557A9 /* BankView.swift in Sources */,
				3CD24581C792262D5049A06C /* BehaviorTracker.swift in Sources */,
				8C7833AF3EABD0C093C5F87E /* BlackjackView.swift in Sources */,
				726D154007069A8166062668 /* BoardManager.swift in Sources */,
				DC01A10E983AF859E3FEA0D5 /* BombDefuseView.swift in Sources */,
				7D4D34B8379D287FD685F92C /* Boostmanager.swift in Sources */,
				264BA276C5B3BAFEDB3C8510 /* CasinoHubView.swift in Sources */,
				0F344DED8BB8937EA886E9F5 /* CasinoParticleView.swift in Sources */,
				AD1BCF958FCB4F4E1DE88177 /* CodeBreakerView.swift in Sources */,
				4DAF0FA0B513469FDCBE7AC4 /* ContentView.swift in Sources */,
				E69CD79D98BB5C9E63F6534D /* CrashView.swift in Sources */,
				3640DB0603AC4B0362BD8C64 /* CryoSleepOverlay.swift in Sources */,
				D8EBC5CEB3B0552DF42811D5 /* DeathView.swift in Sources */,
				28290FD4C4238D5B9575F458 /* DesignSystem.swift in Sources */,
				B2C0D9E34705BB00A063B933 /* DestinationHubs.swift in Sources */,
				10D60EF9E6BAF5839C32DCD8 /* EventEngine.swift in Sources */,
				79014689260512443BA57735 /* FactionManager.swift in Sources */,
				4E183C6B9F11E4457BAFB4F5 /* FactionView.swift in Sources */,
				1A29D174E8B90566719236DC /* GameState.swift in Sources */,
				A744B7886B92FB6F594B5A22 /* GazetteShareCard.swift in Sources */,
				95A0A181CE97704E2F4D3953 /* GazetteView.swift in Sources */,
				D6008A3347ABE4F0B08E3AED /* HealthKitmanager.swift in Sources */,
				2C950906D7C67C90CD0547F6 /* InTimeClockView.swift in Sources */,
				2B357EA13F9BEE35BF1C55E6 /* IncomeManager.swift in Sources */,
				00B1CF1C3207787A34E43A3E /* InflationManager.swift in Sources */,
				9FF048CD0AD40DBD0D949A5D /* Intro.swift in Sources */,
				2E4FDCE0F38240A9A2A1FA32 /* InvestmentView.swift in Sources */,
				D6862AA49F7D7A35891B0C47 /* LeaderboardView.swift in Sources */,
				E06561CDE4E5D4B0B99ECA34 /* LifeToken.xcdatamodeld in Sources */,
				0B8C2F75A2C21E880AE7AD7B /* LifeTokenApp.swift in Sources */,
				7B77BAD332E7C4AC17BAE566 /* LotteryView.swift in Sources */,
				55E7248F2E860C297AC5E696 /* MiniJobsView.swift in Sources */,
				7D66D7C17266CFEC3A3F8671 /* MissionsView.swift in Sources */,
				383216166F735E2466569D08 /* MultiplayerYatzyView.swift in Sources */,
				CFDE388D5F12942A67039EAA /* NPCMemory.swift in Sources */,
				B616D404BC9AD6CAF52C7BBE /* NewsManager.swift in Sources */,
				D57D39E819EC25314D2FCE33 /* NightMarketView.swift in Sources */,
				F3693075734A6C6ED1109185 /* NotificationManager.swift in Sources */,
				34D7638CDA4897790D9A45F7 /* OnboardingEngine.swift in Sources */,
				8DB13B89E9F59195C804DCA4 /* Persistence.swift in Sources */,
				C00990DB46A3E20C545662AC /* PipeGameView.swift in Sources */,
				963BBE2CCDB5E32108367542 /* PokerEngine.swift in Sources */,
				A164410BF3626C9FC8A31DE9 /* PokerView.swift in Sources */,
				4B70F627725622B69E053B51 /* PvPRaidView.swift in Sources */,
				4E2C9A56CAA5ECCF10971A10 /* Roulette.swift in Sources */,
				9B4B3FAD56F6CF097E6416C5 /* RouletteGameView.swift in Sources */,
				903BC2447E7046B0E27B41F4 /* ServerSync.swift in Sources */,
				D5E70653448FBF6992B3DB4E /* SharedTypes.swift in Sources */,
				286E940BD67F1284D234EABE /* SocialTransferViews.swift in Sources */,
				EF3D8FB19CF5ECC9B6C6F8B9 /* SocialView.swift in Sources */,
				09A43F0774D4EA0592F4C292 /* SortingGameView.swift in Sources */,
				80166382DC500429A956DD75 /* StepBetResultCard.swift in Sources */,
				93F9868C290B169E76CA1648 /* StepBetView.swift in Sources */,
				C0D73823597666753EE344A7 /* ThemeEngine.swift in Sources */,
				DEAC1B212EA76F6ABA9A2B90 /* TimeEngine.swift in Sources */,
				6009205B8B9F6C6E30D66C4F /* TimeMarketView.swift in Sources */,
				8C6F3CDECD6B48BE4BB93316 /* TimingGameView.swift in Sources */,
				D11D3A6F079A42945B38860E /* WorkComponents.swift in Sources */,
				50E52F60D0F8A81DF67EE940 /* WorkView.swift in Sources */,
				AA209B723935E8A15094AECB /* WorldHomeView.swift in Sources */,
				CA06F0DF13BABDE8EA580A51 /* YatzyAILogic.swift in Sources */,
				637097DB28F60CF58689F153 /* YatzyGameEngine.swift in Sources */,
				95CEF97347FDECA5AE801EF2 /* YatzyGameOverView.swift in Sources */,
				9EEFC16589C8B0304714258B /* YatzyGameplayView.swift in Sources */,
				3CA11EB4DDA586B4670E2EA0 /* YatzyLobbyView.swift in Sources */,
				4434FBD921A25190EC063177 /* YatzyPlayerView.swift in Sources */,
				CF919443731B074ABFDBBBFA /* YatzyScorecardView.swift in Sources */,
				FA7F0E93BED82A7F43D2714B /* YatzyView.swift in Sources */,
				5418C75D77D9C858CA551F1C /* ZoneLore.swift in Sources */,
				8A9B8A10526FEAC815D9A426 /* ZoneLoreView.swift in Sources */,
				0B22AB2DE363F44B7DFCEE6F /* ZoneManager.swift in Sources */,
				7675E5092FBB597D93A262C7 /* ZoneOperationsView.swift in Sources */,
				49B30532354B66CCF24A19EB /* ZoneProfile.swift in Sources */,
				D19ACF5178A6C2E546D0DB4E /* ZoneSystems.swift in Sources */,
				3CEBB4E3EDDC166757180C60 /* ZoneUpgradeFlash.swift in Sources */,
				733B4C8E7DBAAC9A95BFAA9D /* ZoneVisual.swift in Sources */,
			);
			runOnlyForDeploymentPostprocessing = 0;
		};
/* End PBXSourcesBuildPhase section */

/* Begin XCBuildConfiguration section */
		04D6A508F6B0C5AC34ECD659 /* Release */ = {
			isa = XCBuildConfiguration;
			buildSettings = {
				ALWAYS_SEARCH_USER_PATHS = NO;
				CLANG_ANALYZER_NONNULL = YES;
				CLANG_ANALYZER_NUMBER_OBJECT_CONVERSION = YES_AGGRESSIVE;
				CLANG_CXX_LANGUAGE_STANDARD = "gnu++14";
				CLANG_CXX_LIBRARY = "libc++";
				CLANG_ENABLE_MODULES = YES;
				CLANG_ENABLE_OBJC_ARC = YES;
				CLANG_ENABLE_OBJC_WEAK = YES;
				CLANG_WARN_BLOCK_CAPTURE_AUTORELEASING = YES;
				CLANG_WARN_BOOL_CONVERSION = YES;
				CLANG_WARN_COMMA = YES;
				CLANG_WARN_CONSTANT_CONVERSION = YES;
				CLANG_WARN_DEPRECATED_OBJC_IMPLEMENTATIONS = YES;
				CLANG_WARN_DIRECT_OBJC_ISA_USAGE = YES_ERROR;
				CLANG_WARN_DOCUMENTATION_COMMENTS = YES;
				CLANG_WARN_EMPTY_BODY = YES;
				CLANG_WARN_ENUM_CONVERSION = YES;
				CLANG_WARN_INFINITE_RECURSION = YES;
				CLANG_WARN_INT_CONVERSION = YES;
				CLANG_WARN_NON_LITERAL_NULL_CONVERSION = YES;
				CLANG_WARN_OBJC_IMPLICIT_RETAIN_SELF = YES;
				CLANG_WARN_OBJC_LITERAL_CONVERSION = YES;
				CLANG_WARN_OBJC_ROOT_CLASS = YES_ERROR;
				CLANG_WARN_QUOTED_INCLUDE_IN_FRAMEWORK_HEADER = YES;
				CLANG_WARN_RANGE_LOOP_ANALYSIS = YES;
				CLANG_WARN_STRICT_PROTOTYPES = YES;
				CLANG_WARN_SUSPICIOUS_MOVE = YES;
				CLANG_WARN_UNGUARDED_AVAILABILITY = YES_AGGRESSIVE;
				CLANG_WARN_UNREACHABLE_CODE = YES;
				CLANG_WARN__DUPLICATE_METHOD_MATCH = YES;
				CODE_SIGN_STYLE = Automatic;
				COPY_PHASE_STRIP = NO;
				CURRENT_PROJECT_VERSION = 1;
				DEBUG_INFORMATION_FORMAT = "dwarf-with-dsym";
				DEVELOPMENT_TEAM = G648H762LD;
				ENABLE_NS_ASSERTIONS = NO;
				ENABLE_STRICT_OBJC_MSGSEND = YES;
				GCC_C_LANGUAGE_STANDARD = gnu11;
				GCC_NO_COMMON_BLOCKS = YES;
				GCC_WARN_64_TO_32_BIT_CONVERSION = YES;
				GCC_WARN_ABOUT_RETURN_TYPE = YES_ERROR;
				GCC_WARN_UNDECLARED_SELECTOR = YES;
				GCC_WARN_UNINITIALIZED_AUTOS = YES_AGGRESSIVE;
				GCC_WARN_UNUSED_FUNCTION = YES;
				GCC_WARN_UNUSED_VARIABLE = YES;
				IPHONEOS_DEPLOYMENT_TARGET = 18.0;
				MARKETING_VERSION = 1.0;
				MTL_ENABLE_DEBUG_INFO = NO;
				MTL_FAST_MATH = YES;
				PRODUCT_NAME = "$(TARGET_NAME)";
				SDKROOT = iphoneos;
				SWIFT_COMPILATION_MODE = wholemodule;
				SWIFT_OPTIMIZATION_LEVEL = "-O";
				SWIFT_VERSION = 5.0;
			};
			name = Release;
		};
		06A7E9DAACE72CF3B9183766 /* Debug */ = {
			isa = XCBuildConfiguration;
			buildSettings = {
				ALWAYS_SEARCH_USER_PATHS = NO;
				CLANG_ANALYZER_NONNULL = YES;
				CLANG_ANALYZER_NUMBER_OBJECT_CONVERSION = YES_AGGRESSIVE;
				CLANG_CXX_LANGUAGE_STANDARD = "gnu++14";
				CLANG_CXX_LIBRARY = "libc++";
				CLANG_ENABLE_MODULES = YES;
				CLANG_ENABLE_OBJC_ARC = YES;
				CLANG_ENABLE_OBJC_WEAK = YES;
				CLANG_WARN_BLOCK_CAPTURE_AUTORELEASING = YES;
				CLANG_WARN_BOOL_CONVERSION = YES;
				CLANG_WARN_COMMA = YES;
				CLANG_WARN_CONSTANT_CONVERSION = YES;
				CLANG_WARN_DEPRECATED_OBJC_IMPLEMENTATIONS = YES;
				CLANG_WARN_DIRECT_OBJC_ISA_USAGE = YES_ERROR;
				CLANG_WARN_DOCUMENTATION_COMMENTS = YES;
				CLANG_WARN_EMPTY_BODY = YES;
				CLANG_WARN_ENUM_CONVERSION = YES;
				CLANG_WARN_INFINITE_RECURSION = YES;
				CLANG_WARN_INT_CONVERSION = YES;
				CLANG_WARN_NON_LITERAL_NULL_CONVERSION = YES;
				CLANG_WARN_OBJC_IMPLICIT_RETAIN_SELF = YES;
				CLANG_WARN_OBJC_LITERAL_CONVERSION = YES;
				CLANG_WARN_OBJC_ROOT_CLASS = YES_ERROR;
				CLANG_WARN_QUOTED_INCLUDE_IN_FRAMEWORK_HEADER = YES;
				CLANG_WARN_RANGE_LOOP_ANALYSIS = YES;
				CLANG_WARN_STRICT_PROTOTYPES = YES;
				CLANG_WARN_SUSPICIOUS_MOVE = YES;
				CLANG_WARN_UNGUARDED_AVAILABILITY = YES_AGGRESSIVE;
				CLANG_WARN_UNREACHABLE_CODE = YES;
				CLANG_WARN__DUPLICATE_METHOD_MATCH = YES;
				CODE_SIGN_STYLE = Automatic;
				COPY_PHASE_STRIP = NO;
				CURRENT_PROJECT_VERSION = 1;
				DEBUG_INFORMATION_FORMAT = dwarf;
				DEVELOPMENT_TEAM = G648H762LD;
				ENABLE_STRICT_OBJC_MSGSEND = YES;
				ENABLE_TESTABILITY = YES;
				GCC_C_LANGUAGE_STANDARD = gnu11;
				GCC_DYNAMIC_NO_PIC = NO;
				GCC_NO_COMMON_BLOCKS = YES;
				GCC_OPTIMIZATION_LEVEL = 0;
				GCC_PREPROCESSOR_DEFINITIONS = (
					"$(inherited)",
					"DEBUG=1",
				);
				GCC_WARN_64_TO_32_BIT_CONVERSION = YES;
				GCC_WARN_ABOUT_RETURN_TYPE = YES_ERROR;
				GCC_WARN_UNDECLARED_SELECTOR = YES;
				GCC_WARN_UNINITIALIZED_AUTOS = YES_AGGRESSIVE;
				GCC_WARN_UNUSED_FUNCTION = YES;
				GCC_WARN_UNUSED_VARIABLE = YES;
				IPHONEOS_DEPLOYMENT_TARGET = 18.0;
				MARKETING_VERSION = 1.0;
				MTL_ENABLE_DEBUG_INFO = INCLUDE_SOURCE;
				MTL_FAST_MATH = YES;
				ONLY_ACTIVE_ARCH = YES;
				PRODUCT_NAME = "$(TARGET_NAME)";
				SDKROOT = iphoneos;
				SWIFT_ACTIVE_COMPILATION_CONDITIONS = DEBUG;
				SWIFT_OPTIMIZATION_LEVEL = "-Onone";
				SWIFT_VERSION = 5.0;
			};
			name = Debug;
		};
		76AD4DF7087CF4A9960B1415 /* Release */ = {
			isa = XCBuildConfiguration;
			buildSettings = {
				ASSETCATALOG_COMPILER_APPICON_NAME = AppIcon;
				CODE_SIGN_ENTITLEMENTS = LifeToken.entitlements;
				CODE_SIGN_IDENTITY = "iPhone Developer";
				INFOPLIST_FILE = Info.plist;
				LD_RUNPATH_SEARCH_PATHS = (
					"$(inherited)",
					"@executable_path/Frameworks",
				);
				PRODUCT_BUNDLE_IDENTIFIER = com.terrorbyte.LifeToken;
				SDKROOT = iphoneos;
				SUPPORTS_MACCATALYST = NO;
				SWIFT_OBJC_BRIDGING_HEADER = "";
				TARGETED_DEVICE_FAMILY = "1,2";
			};
			name = Release;
		};
		C7F4F02D5CEAC2009E32450A /* Debug */ = {
			isa = XCBuildConfiguration;
			buildSettings = {
				ASSETCATALOG_COMPILER_APPICON_NAME = AppIcon;
				CODE_SIGN_ENTITLEMENTS = LifeToken.entitlements;
				CODE_SIGN_IDENTITY = "iPhone Developer";
				INFOPLIST_FILE = Info.plist;
				LD_RUNPATH_SEARCH_PATHS = (
					"$(inherited)",
					"@executable_path/Frameworks",
				);
				PRODUCT_BUNDLE_IDENTIFIER = com.terrorbyte.LifeToken;
				SDKROOT = iphoneos;
				SUPPORTS_MACCATALYST = NO;
				SWIFT_OBJC_BRIDGING_HEADER = "";
				TARGETED_DEVICE_FAMILY = "1,2";
			};
			name = Debug;
		};
/* End XCBuildConfiguration section */

/* Begin XCConfigurationList section */
		9C6B38F742D94AEE79495D15 /* Build configuration list for PBXNativeTarget "LifeToken" */ = {
			isa = XCConfigurationList;
			buildConfigurations = (
				C7F4F02D5CEAC2009E32450A /* Debug */,
				76AD4DF7087CF4A9960B1415 /* Release */,
			);
			defaultConfigurationIsVisible = 0;
			defaultConfigurationName = Debug;
		};
		D7AB0A064B47689892109D23 /* Build configuration list for PBXProject "LifeToken" */ = {
			isa = XCConfigurationList;
			buildConfigurations = (
				06A7E9DAACE72CF3B9183766 /* Debug */,
				04D6A508F6B0C5AC34ECD659 /* Release */,
			);
			defaultConfigurationIsVisible = 0;
			defaultConfigurationName = Debug;
		};
/* End XCConfigurationList section */

/* Begin XCVersionGroup section */
		"TEMP_1CC6550A-8DB3-4E67-BFC7-887DEB520975" /* LifeToken.xcdatamodeld */ = {
			isa = XCVersionGroup;
			children = (
				"TEMP_F4F697EE-18C0-4898-93A8-8E46079786F6" /* LifeToken.xcdatamodel */,
			);
			currentVersion = "TEMP_F4F697EE-18C0-4898-93A8-8E46079786F6" /* LifeToken.xcdatamodel */;
			path = LifeToken.xcdatamodeld;
			sourceTree = "<group>";
			versionGroupType = wrapper.xcdatamodel;
		};
/* End XCVersionGroup section */
	};
	rootObject = 3EEEBCD3EE31724B57E67BAC /* Project object */;
}
